// !$*UTF8*$!
{
	archiveVersion = 1;
	classes = {
	};
	objectVersion = 46;
	objects = {

/* Begin PBXBuildFile section */
		D62AD00F1ED82E33009FF226 /* librhetoric.a in Frameworks */ = {isa = PBXBuildFile; fileRef = D62AD00E1ED82E33009FF226 /* librhetoric.a */; };
		D639A0471F0D57BE0059B6BA /* example1_app.cpp in Sources */ = {isa = PBXBuildFile; fileRef = D639A0451F0D57BE0059B6BA /* example1_app.cpp */; };
		D675A60A1EB7452F00576E18 /* libfreetype.a in Frameworks */ = {isa = PBXBuildFile; fileRef = D675A6091EB7452F00576E18 /* libfreetype.a */; };
		D6C3F6D41E99B4320020D65A /* main.cpp in Sources */ = {isa = PBXBuildFile; fileRef = D6C3F6D31E99B4320020D65A /* main.cpp */; };
		D6C3F6E61E9A0A960020D65A /* liboliview.a in Frameworks */ = {isa = PBXBuildFile; fileRef = D6C3F6E51E9A0A960020D65A /* liboliview.a */; };
		D6C3F6E81E9A0B8A0020D65A /* OpenGL.framework in Frameworks */ = {isa = PBXBuildFile; fileRef = D6C3F6E71E9A0B8A0020D65A /* OpenGL.framework */; };
		D6C3F6EC1E9A0D4C0020D65A /* AppKit.framework in Frameworks */ = {isa = PBXBuildFile; fileRef = D6C3F6EB1E9A0D4C0020D65A /* AppKit.framework */; };
		D6C3F6EE1E9A0D5D0020D65A /* CoreVideo.framework in Frameworks */ = {isa = PBXBuildFile; fileRef = D6C3F6ED1E9A0D5D0020D65A /* CoreVideo.framework */; };
		D6C3F6F01E9A0D650020D65A /* IOKit.framework in Frameworks */ = {isa = PBXBuildFile; fileRef = D6C3F6EF1E9A0D650020D65A /* IOKit.framework */; };
		D6C3F72C1E9D1C610020D65A /* libglfw3.a in Frameworks */ = {isa = PBXBuildFile; fileRef = D6C3F72B1E9D1C610020D65A /* libglfw3.a */; };
		D6C3F72E1E9D1C6A0020D65A /* libnanovg.a in Frameworks */ = {isa = PBXBuildFile; fileRef = D6C3F72D1E9D1C6A0020D65A /* libnanovg.a */; };
/* End PBXBuildFile section */

/* Begin PBXCopyFilesBuildPhase section */
		D6C3F6BF1E99AEAA0020D65A /* CopyFiles */ = {
			isa = PBXCopyFilesBuildPhase;
			buildActionMask = 2147483647;
			dstPath = /usr/share/man/man1/;
			dstSubfolderSpec = 0;
			files = (
			);
			runOnlyForDeploymentPostprocessing = 1;
		};
/* End PBXCopyFilesBuildPhase section */

/* Begin PBXFileReference section */
		D62AD00E1ED82E33009FF226 /* librhetoric.a */ = {isa = PBXFileReference; lastKnownFileType = archive.ar; name = librhetoric.a; path = "../../../../../../Library/Developer/Xcode/DerivedData/oliview-fboadbrsbgoyhsekesybjbtrxohz/Build/Products/Debug/librhetoric.a"; sourceTree = "<group>"; };
		D639A0451F0D57BE0059B6BA /* example1_app.cpp */ = {isa = PBXFileReference; fileEncoding = 4; lastKnownFileType = sourcecode.cpp.cpp; path = example1_app.cpp; sourceTree = "<group>"; };
		D639A0461F0D57BE0059B6BA /* example1_app.h */ = {isa = PBXFileReference; fileEncoding = 4; lastKnownFileType = sourcecode.c.h; path = example1_app.h; sourceTree = "<group>"; };
		D675A6091EB7452F00576E18 /* libfreetype.a */ = {isa = PBXFileReference; lastKnownFileType = archive.ar; name = libfreetype.a; path = ../../../../../../../../usr/local/Cellar/freetype/2.6.3/lib/libfreetype.a; sourceTree = "<group>"; };
		D6C3F6C11E99AEAA0020D65A /* example1 */ = {isa = PBXFileReference; explicitFileType = "compiled.mach-o.executable"; includeInIndex = 0; path = example1; sourceTree = BUILT_PRODUCTS_DIR; };
		D6C3F6D31E99B4320020D65A /* main.cpp */ = {isa = PBXFileReference; fileEncoding = 4; lastKnownFileType = sourcecode.cpp.cpp; path = main.cpp; sourceTree = "<group>"; };
		D6C3F6E51E9A0A960020D65A /* liboliview.a */ = {isa = PBXFileReference; lastKnownFileType = archive.ar; name = liboliview.a; path = build/Debug/liboliview.a; sourceTree = "<group>"; };
		D6C3F6E71E9A0B8A0020D65A /* OpenGL.framework */ = {isa = PBXFileReference; lastKnownFileType = wrapper.framework; name = OpenGL.framework; path = System/Library/Frameworks/OpenGL.framework; sourceTree = SDKROOT; };
		D6C3F6EB1E9A0D4C0020D65A /* AppKit.framework */ = {isa = PBXFileReference; lastKnownFileType = wrapper.framework; name = AppKit.framework; path = System/Library/Frameworks/AppKit.framework; sourceTree = SDKROOT; };
		D6C3F6ED1E9A0D5D0020D65A /* CoreVideo.framework */ = {isa = PBXFileReference; lastKnownFileType = wrapper.framework; name = CoreVideo.framework; path = System/Library/Frameworks/CoreVideo.framework; sourceTree = SDKROOT; };
		D6C3F6EF1E9A0D650020D65A /* IOKit.framework */ = {isa = PBXFileReference; lastKnownFileType = wrapper.framework; name = IOKit.framework; path = System/Library/Frameworks/IOKit.framework; sourceTree = SDKROOT; };
		D6C3F72B1E9D1C610020D65A /* libglfw3.a */ = {isa = PBXFileReference; lastKnownFileType = archive.ar; name = libglfw3.a; path = ../../ext/glfw/lib/macos/libglfw3.a; sourceTree = "<group>"; };
		D6C3F72D1E9D1C6A0020D65A /* libnanovg.a */ = {isa = PBXFileReference; lastKnownFileType = archive.ar; name = libnanovg.a; path = ../../ext/nanovg/lib/macos/libnanovg.a; sourceTree = "<group>"; };
/* End PBXFileReference section */

/* Begin PBXFrameworksBuildPhase section */
		D6C3F6BE1E99AEAA0020D65A /* Frameworks */ = {
			isa = PBXFrameworksBuildPhase;
			buildActionMask = 2147483647;
			files = (
				D62AD00F1ED82E33009FF226 /* librhetoric.a in Frameworks */,
				D675A60A1EB7452F00576E18 /* libfreetype.a in Frameworks */,
				D6C3F6F01E9A0D650020D65A /* IOKit.framework in Frameworks */,
				D6C3F72E1E9D1C6A0020D65A /* libnanovg.a in Frameworks */,
				D6C3F6EE1E9A0D5D0020D65A /* CoreVideo.framework in Frameworks */,
				D6C3F6EC1E9A0D4C0020D65A /* AppKit.framework in Frameworks */,
				D6C3F6E81E9A0B8A0020D65A /* OpenGL.framework in Frameworks */,
				D6C3F6E61E9A0A960020D65A /* liboliview.a in Frameworks */,
				D6C3F72C1E9D1C610020D65A /* libglfw3.a in Frameworks */,
			);
			runOnlyForDeploymentPostprocessing = 0;
		};
/* End PBXFrameworksBuildPhase section */

/* Begin PBXGroup section */
		D6C3F6B81E99AEAA0020D65A = {
			isa = PBXGroup;
			children = (
				D6C3F6D21E99B4240020D65A /* example1 */,
				D6C3F6C21E99AEAA0020D65A /* Products */,
				D6C3F6E41E9A0A960020D65A /* Frameworks */,
			);
			sourceTree = "<group>";
		};
		D6C3F6C21E99AEAA0020D65A /* Products */ = {
			isa = PBXGroup;
			children = (
				D6C3F6C11E99AEAA0020D65A /* example1 */,
			);
			name = Products;
			sourceTree = "<group>";
		};
		D6C3F6D21E99B4240020D65A /* example1 */ = {
			isa = PBXGroup;
			children = (
				D639A0451F0D57BE0059B6BA /* example1_app.cpp */,
				D639A0461F0D57BE0059B6BA /* example1_app.h */,
				D6C3F6D31E99B4320020D65A /* main.cpp */,
			);
			name = example1;
			path = ../../example/example1;
			sourceTree = "<group>";
		};
		D6C3F6E41E9A0A960020D65A /* Frameworks */ = {
			isa = PBXGroup;
			children = (
				D62AD00E1ED82E33009FF226 /* librhetoric.a */,
				D675A6091EB7452F00576E18 /* libfreetype.a */,
				D6C3F72D1E9D1C6A0020D65A /* libnanovg.a */,
				D6C3F72B1E9D1C610020D65A /* libglfw3.a */,
				D6C3F6EF1E9A0D650020D65A /* IOKit.framework */,
				D6C3F6ED1E9A0D5D0020D65A /* CoreVideo.framework */,
				D6C3F6EB1E9A0D4C0020D65A /* AppKit.framework */,
				D6C3F6E71E9A0B8A0020D65A /* OpenGL.framework */,
				D6C3F6E51E9A0A960020D65A /* liboliview.a */,
			);
			name = Frameworks;
			sourceTree = "<group>";
		};
/* End PBXGroup section */

/* Begin PBXNativeTarget section */
		D6C3F6C01E99AEAA0020D65A /* example1 */ = {
			isa = PBXNativeTarget;
			buildConfigurationList = D6C3F6C81E99AEAA0020D65A /* Build configuration list for PBXNativeTarget "example1" */;
			buildPhases = (
				D6C3F6BD1E99AEAA0020D65A /* Sources */,
				D6C3F6BE1E99AEAA0020D65A /* Frameworks */,
				D6C3F6BF1E99AEAA0020D65A /* CopyFiles */,
			);
			buildRules = (
			);
			dependencies = (
			);
			name = example1;
			productName = example1;
			productReference = D6C3F6C11E99AEAA0020D65A /* example1 */;
			productType = "com.apple.product-type.tool";
		};
/* End PBXNativeTarget section */

/* Begin PBXProject section */
		D6C3F6B91E99AEAA0020D65A /* Project object */ = {
			isa = PBXProject;
			attributes = {
				LastUpgradeCheck = 0830;
				ORGANIZATIONNAME = omochimetaru;
				TargetAttributes = {
					D6C3F6C01E99AEAA0020D65A = {
						CreatedOnToolsVersion = 8.3;
						ProvisioningStyle = Automatic;
					};
				};
			};
			buildConfigurationList = D6C3F6BC1E99AEAA0020D65A /* Build configuration list for PBXProject "example1" */;
			compatibilityVersion = "Xcode 3.2";
			developmentRegion = English;
			hasScannedForEncodings = 0;
			knownRegions = (
				en,
			);
			mainGroup = D6C3F6B81E99AEAA0020D65A;
			productRefGroup = D6C3F6C21E99AEAA0020D65A /* Products */;
			projectDirPath = "";
			projectRoot = "";
			targets = (
				D6C3F6C01E99AEAA0020D65A /* example1 */,
			);
		};
/* End PBXProject section */

/* Begin PBXSourcesBuildPhase section */
		D6C3F6BD1E99AEAA0020D65A /* Sources */ = {
			isa = PBXSourcesBuildPhase;
			buildActionMask = 2147483647;
			files = (
				D639A0471F0D57BE0059B6BA /* example1_app.cpp in Sources */,
				D6C3F6D41E99B4320020D65A /* main.cpp in Sources */,
			);
			runOnlyForDeploymentPostprocessing = 0;
		};
/* End PBXSourcesBuildPhase section */

/* Begin XCBuildConfiguration section */
		D6C3F6C61E99AEAA0020D65A /* Debug */ = {
			isa = XCBuildConfiguration;
			buildSettings = {
				ALWAYS_SEARCH_USER_PATHS = NO;
				CLANG_ANALYZER_NONNULL = YES;
				CLANG_ANALYZER_NUMBER_OBJECT_CONVERSION = YES_AGGRESSIVE;
				CLANG_CXX_LANGUAGE_STANDARD = "gnu++0x";
				CLANG_CXX_LIBRARY = "libc++";
				CLANG_ENABLE_MODULES = YES;
				CLANG_ENABLE_OBJC_ARC = YES;
				CLANG_WARN_BOOL_CONVERSION = YES;
				CLANG_WARN_CONSTANT_CONVERSION = YES;
				CLANG_WARN_DIRECT_OBJC_ISA_USAGE = YES_ERROR;
				CLANG_WARN_DOCUMENTATION_COMMENTS = YES;
				CLANG_WARN_EMPTY_BODY = YES;
				CLANG_WARN_ENUM_CONVERSION = YES;
				CLANG_WARN_INFINITE_RECURSION = YES;
				CLANG_WARN_INT_CONVERSION = YES;
				CLANG_WARN_OBJC_ROOT_CLASS = YES_ERROR;
				CLANG_WARN_SUSPICIOUS_MOVE = YES;
				CLANG_WARN_UNREACHABLE_CODE = YES;
				CLANG_WARN__DUPLICATE_METHOD_MATCH = YES;
				CODE_SIGN_IDENTITY = "-";
				COPY_PHASE_STRIP = NO;
				DEBUG_INFORMATION_FORMAT = dwarf;
				ENABLE_STRICT_OBJC_MSGSEND = YES;
				ENABLE_TESTABILITY = YES;
				GCC_C_LANGUAGE_STANDARD = gnu99;
				GCC_DYNAMIC_NO_PIC = NO;
				GCC_NO_COMMON_BLOCKS = YES;
				GCC_OPTIMIZATION_LEVEL = 0;
				GCC_PREPROCESSOR_DEFINITIONS = (
					"DEBUG=1",
					"$(inherited)",
				);
				GCC_WARN_64_TO_32_BIT_CONVERSION = YES;
				GCC_WARN_ABOUT_RETURN_TYPE = YES_ERROR;
				GCC_WARN_UNDECLARED_SELECTOR = YES;
				GCC_WARN_UNINITIALIZED_AUTOS = YES_AGGRESSIVE;
				GCC_WARN_UNUSED_FUNCTION = YES;
				GCC_WARN_UNUSED_VARIABLE = YES;
				MACOSX_DEPLOYMENT_TARGET = 10.12;
				MTL_ENABLE_DEBUG_INFO = YES;
				ONLY_ACTIVE_ARCH = YES;
				SDKROOT = macosx;
			};
			name = Debug;
		};
		D6C3F6C71E99AEAA0020D65A /* Release */ = {
			isa = XCBuildConfiguration;
			buildSettings = {
				ALWAYS_SEARCH_USER_PATHS = NO;
				CLANG_ANALYZER_NONNULL = YES;
				CLANG_ANALYZER_NUMBER_OBJECT_CONVERSION = YES_AGGRESSIVE;
				CLANG_CXX_LANGUAGE_STANDARD = "gnu++0x";
				CLANG_CXX_LIBRARY = "libc++";
				CLANG_ENABLE_MODULES = YES;
				CLANG_ENABLE_OBJC_ARC = YES;
				CLANG_WARN_BOOL_CONVERSION = YES;
				CLANG_WARN_CONSTANT_CONVERSION = YES;
				CLANG_WARN_DIRECT_OBJC_ISA_USAGE = YES_ERROR;
				CLANG_WARN_DOCUMENTATION_COMMENTS = YES;
				CLANG_WARN_EMPTY_BODY = YES;
				CLANG_WARN_ENUM_CONVERSION = YES;
				CLANG_WARN_INFINITE_RECURSION = YES;
				CLANG_WARN_INT_CONVERSION = YES;
				CLANG_WARN_OBJC_ROOT_CLASS = YES_ERROR;
				CLANG_WARN_SUSPICIOUS_MOVE = YES;
				CLANG_WARN_UNREACHABLE_CODE = YES;
				CLANG_WARN__DUPLICATE_METHOD_MATCH = YES;
				CODE_SIGN_IDENTITY = "-";
				COPY_PHASE_STRIP = NO;
				DEBUG_INFORMATION_FORMAT = "dwarf-with-dsym";
				ENABLE_NS_ASSERTIONS = NO;
				ENABLE_STRICT_OBJC_MSGSEND = YES;
				GCC_C_LANGUAGE_STANDARD = gnu99;
				GCC_NO_COMMON_BLOCKS = YES;
				GCC_WARN_64_TO_32_BIT_CONVERSION = YES;
				GCC_WARN_ABOUT_RETURN_TYPE = YES_ERROR;
				GCC_WARN_UNDECLARED_SELECTOR = YES;
				GCC_WARN_UNINITIALIZED_AUTOS = YES_AGGRESSIVE;
				GCC_WARN_UNUSED_FUNCTION = YES;
				GCC_WARN_UNUSED_VARIABLE = YES;
				MACOSX_DEPLOYMENT_TARGET = 10.12;
				MTL_ENABLE_DEBUG_INFO = NO;
				SDKROOT = macosx;
			};
			name = Release;
		};
		D6C3F6C91E99AEAA0020D65A /* Debug */ = {
			isa = XCBuildConfiguration;
			buildSettings = {
				CLANG_CXX_LANGUAGE_STANDARD = "gnu++14";
				HEADER_SEARCH_PATHS = (
					../../ext/glfw/include,
					../../ext/nanovg/include,
					"../../ext/cpp-rhetoric/src",
					../../src,
				);
				LIBRARY_SEARCH_PATHS = (
					"$(inherited)",
					/usr/local/lib,
					../../ext/glfw/lib/macos,
					../../ext/nanovg/lib/macos,
				);
				PRODUCT_NAME = "$(TARGET_NAME)";
				USE_HEADERMAP = NO;
			};
			name = Debug;
		};
		D6C3F6CA1E99AEAA0020D65A /* Release */ = {
			isa = XCBuildConfiguration;
			buildSettings = {
				CLANG_CXX_LANGUAGE_STANDARD = "gnu++14";
				HEADER_SEARCH_PATHS = (
					../../ext/glfw/include,
					../../ext/nanovg/include,
					"../../ext/cpp-rhetoric/src",
					../../src,
				);
				LIBRARY_SEARCH_PATHS = (
					"$(inherited)",
					/usr/local/lib,
					../../ext/glfw/lib/macos,
					../../ext/nanovg/lib/macos,
				);
				PRODUCT_NAME = "$(TARGET_NAME)";
				USE_HEADERMAP = NO;
			};
			name = Release;
		};
/* End XCBuildConfiguration section */

/* Begin XCConfigurationList section */
		D6C3F6BC1E99AEAA0020D65A /* Build configuration list for PBXProject "example1" */ = {
			isa = XCConfigurationList;
			buildConfigurations = (
				D6C3F6C61E99AEAA0020D65A /* Debug */,
				D6C3F6C71E99AEAA0020D65A /* Release */,
			);
			defaultConfigurationIsVisible = 0;
			defaultConfigurationName = Release;
		};
		D6C3F6C81E99AEAA0020D65A /* Build configuration list for PBXNativeTarget "example1" */ = {
			isa = XCConfigurationList;
			buildConfigurations = (
				D6C3F6C91E99AEAA0020D65A /* Debug */,
				D6C3F6CA1E99AEAA0020D65A /* Release */,
			);
			defaultConfigurationIsVisible = 0;
			defaultConfigurationName = Release;
		};
/* End XCConfigurationList section */
	};
	rootObject = D6C3F6B91E99AEAA0020D65A /* Project object */;
}
