// !$*UTF8*$!
{
	archiveVersion = 1;
	classes = {
	};
	objectVersion = 46;
	objects = {

/* Begin PBXBuildFile section */
		D603008A1EFA94AC006D0A9D /* font_manager.cpp in Sources */ = {isa = PBXBuildFile; fileRef = D60300881EFA94AC006D0A9D /* font_manager.cpp */; };
		D603008B1EFA94AC006D0A9D /* font_manager.h in Headers */ = {isa = PBXBuildFile; fileRef = D60300891EFA94AC006D0A9D /* font_manager.h */; };
		D603008F1EFAE98E006D0A9D /* unicode_util.cpp in Sources */ = {isa = PBXBuildFile; fileRef = D603008C1EFAE98E006D0A9D /* unicode_util.cpp */; };
		D60300901EFAE98E006D0A9D /* unicode_util.h in Headers */ = {isa = PBXBuildFile; fileRef = D603008D1EFAE98E006D0A9D /* unicode_util.h */; };
		D646507B1EA644F40067BA12 /* application.cpp in Sources */ = {isa = PBXBuildFile; fileRef = D646504F1EA644F40067BA12 /* application.cpp */; };
		D646507C1EA644F40067BA12 /* application.h in Headers */ = {isa = PBXBuildFile; fileRef = D64650501EA644F40067BA12 /* application.h */; };
		D64650821EA644F40067BA12 /* color.cpp in Sources */ = {isa = PBXBuildFile; fileRef = D64650561EA644F40067BA12 /* color.cpp */; };
		D64650831EA644F40067BA12 /* color.h in Headers */ = {isa = PBXBuildFile; fileRef = D64650571EA644F40067BA12 /* color.h */; };
		D64650861EA644F40067BA12 /* dependency.h in Headers */ = {isa = PBXBuildFile; fileRef = D646505A1EA644F40067BA12 /* dependency.h */; };
		D64650891EA644F40067BA12 /* gl_assert.cpp in Sources */ = {isa = PBXBuildFile; fileRef = D646505D1EA644F40067BA12 /* gl_assert.cpp */; };
		D646508A1EA644F40067BA12 /* gl_assert.h in Headers */ = {isa = PBXBuildFile; fileRef = D646505E1EA644F40067BA12 /* gl_assert.h */; };
		D646508B1EA644F40067BA12 /* math.cpp in Sources */ = {isa = PBXBuildFile; fileRef = D646505F1EA644F40067BA12 /* math.cpp */; };
		D646508C1EA644F40067BA12 /* math.h in Headers */ = {isa = PBXBuildFile; fileRef = D64650601EA644F40067BA12 /* math.h */; };
		D646508D1EA644F40067BA12 /* matrix3x3.cpp in Sources */ = {isa = PBXBuildFile; fileRef = D64650611EA644F40067BA12 /* matrix3x3.cpp */; };
		D646508E1EA644F40067BA12 /* matrix3x3.h in Headers */ = {isa = PBXBuildFile; fileRef = D64650621EA644F40067BA12 /* matrix3x3.h */; };
		D646508F1EA644F40067BA12 /* nanovg_gl_impl.cpp in Sources */ = {isa = PBXBuildFile; fileRef = D64650631EA644F40067BA12 /* nanovg_gl_impl.cpp */; };
		D64650921EA644F40067BA12 /* oliview.h in Headers */ = {isa = PBXBuildFile; fileRef = D64650661EA644F40067BA12 /* oliview.h */; };
		D64650961EA644F40067BA12 /* rect.cpp in Sources */ = {isa = PBXBuildFile; fileRef = D646506A1EA644F40067BA12 /* rect.cpp */; };
		D64650971EA644F40067BA12 /* rect.h in Headers */ = {isa = PBXBuildFile; fileRef = D646506B1EA644F40067BA12 /* rect.h */; };
		D646509F1EA644F40067BA12 /* vector2.cpp in Sources */ = {isa = PBXBuildFile; fileRef = D64650731EA644F40067BA12 /* vector2.cpp */; };
		D64650A01EA644F40067BA12 /* vector2.h in Headers */ = {isa = PBXBuildFile; fileRef = D64650741EA644F40067BA12 /* vector2.h */; };
		D64650A11EA644F40067BA12 /* vector3.cpp in Sources */ = {isa = PBXBuildFile; fileRef = D64650751EA644F40067BA12 /* vector3.cpp */; };
		D64650A21EA644F40067BA12 /* vector3.h in Headers */ = {isa = PBXBuildFile; fileRef = D64650761EA644F40067BA12 /* vector3.h */; };
		D64650A31EA644F40067BA12 /* view.cpp in Sources */ = {isa = PBXBuildFile; fileRef = D64650771EA644F40067BA12 /* view.cpp */; };
		D64650A41EA644F40067BA12 /* view.h in Headers */ = {isa = PBXBuildFile; fileRef = D64650781EA644F40067BA12 /* view.h */; };
		D64650A51EA644F40067BA12 /* window.cpp in Sources */ = {isa = PBXBuildFile; fileRef = D64650791EA644F40067BA12 /* window.cpp */; };
		D64650A61EA644F40067BA12 /* window.h in Headers */ = {isa = PBXBuildFile; fileRef = D646507A1EA644F40067BA12 /* window.h */; };
		D64650AE1EA671960067BA12 /* label.cpp in Sources */ = {isa = PBXBuildFile; fileRef = D64650AC1EA671960067BA12 /* label.cpp */; };
		D64650AF1EA671960067BA12 /* label.h in Headers */ = {isa = PBXBuildFile; fileRef = D64650AD1EA671960067BA12 /* label.h */; };
		D64651B91EAB50300067BA12 /* font.cpp in Sources */ = {isa = PBXBuildFile; fileRef = D64651B71EAB50300067BA12 /* font.cpp */; };
		D64651BA1EAB50300067BA12 /* font.h in Headers */ = {isa = PBXBuildFile; fileRef = D64651B81EAB50300067BA12 /* font.h */; };
		D678E3A81F053A8700B9A4C0 /* text_draw_layouter.cpp in Sources */ = {isa = PBXBuildFile; fileRef = D678E3A61F053A8700B9A4C0 /* text_draw_layouter.cpp */; };
		D678E3A91F053A8700B9A4C0 /* text_draw_layouter.h in Headers */ = {isa = PBXBuildFile; fileRef = D678E3A71F053A8700B9A4C0 /* text_draw_layouter.h */; };
		D678E3AC1F053BEF00B9A4C0 /* size.cpp in Sources */ = {isa = PBXBuildFile; fileRef = D678E3AA1F053BEF00B9A4C0 /* size.cpp */; };
		D678E3AD1F053BEF00B9A4C0 /* size.h in Headers */ = {isa = PBXBuildFile; fileRef = D678E3AB1F053BEF00B9A4C0 /* size.h */; };
		D678E3B01F0BBC3700B9A4C0 /* measure_query.cpp in Sources */ = {isa = PBXBuildFile; fileRef = D678E3AE1F0BBC3700B9A4C0 /* measure_query.cpp */; };
		D678E3B11F0BBC3700B9A4C0 /* measure_query.h in Headers */ = {isa = PBXBuildFile; fileRef = D678E3AF1F0BBC3700B9A4C0 /* measure_query.h */; };
		D678E3B41F0BC0E200B9A4C0 /* nanovg_util.cpp in Sources */ = {isa = PBXBuildFile; fileRef = D678E3B21F0BC0E200B9A4C0 /* nanovg_util.cpp */; };
		D678E3B51F0BC0E200B9A4C0 /* nanovg_util.h in Headers */ = {isa = PBXBuildFile; fileRef = D678E3B31F0BC0E200B9A4C0 /* nanovg_util.h */; };
		D678E3B81F0BD24F00B9A4C0 /* layouter.cpp in Sources */ = {isa = PBXBuildFile; fileRef = D678E3B61F0BD24F00B9A4C0 /* layouter.cpp */; };
		D678E3B91F0BD24F00B9A4C0 /* layouter.h in Headers */ = {isa = PBXBuildFile; fileRef = D678E3B71F0BD24F00B9A4C0 /* layouter.h */; };
		D6C3F7381E9D29D90020D65A /* glfw3.h in Headers */ = {isa = PBXBuildFile; fileRef = D6C3F7331E9D29D90020D65A /* glfw3.h */; };
		D6C3F7391E9D29D90020D65A /* glfw3native.h in Headers */ = {isa = PBXBuildFile; fileRef = D6C3F7341E9D29D90020D65A /* glfw3native.h */; };
		D6C3F7461E9D29F70020D65A /* fontstash.h in Headers */ = {isa = PBXBuildFile; fileRef = D6C3F73D1E9D29F70020D65A /* fontstash.h */; };
		D6C3F7471E9D29F70020D65A /* nanovg.h in Headers */ = {isa = PBXBuildFile; fileRef = D6C3F73E1E9D29F70020D65A /* nanovg.h */; };
		D6C3F7481E9D29F70020D65A /* nanovg_gl.h in Headers */ = {isa = PBXBuildFile; fileRef = D6C3F73F1E9D29F70020D65A /* nanovg_gl.h */; };
		D6C3F7491E9D29F70020D65A /* nanovg_gl_utils.h in Headers */ = {isa = PBXBuildFile; fileRef = D6C3F7401E9D29F70020D65A /* nanovg_gl_utils.h */; };
		D6C3F74A1E9D29F70020D65A /* stb_image.h in Headers */ = {isa = PBXBuildFile; fileRef = D6C3F7411E9D29F70020D65A /* stb_image.h */; };
		D6C3F74B1E9D29F70020D65A /* stb_truetype.h in Headers */ = {isa = PBXBuildFile; fileRef = D6C3F7421E9D29F70020D65A /* stb_truetype.h */; };
/* End PBXBuildFile section */

/* Begin PBXFileReference section */
		D60300881EFA94AC006D0A9D /* font_manager.cpp */ = {isa = PBXFileReference; fileEncoding = 4; lastKnownFileType = sourcecode.cpp.cpp; path = font_manager.cpp; sourceTree = "<group>"; };
		D60300891EFA94AC006D0A9D /* font_manager.h */ = {isa = PBXFileReference; fileEncoding = 4; lastKnownFileType = sourcecode.c.h; path = font_manager.h; sourceTree = "<group>"; };
		D603008C1EFAE98E006D0A9D /* unicode_util.cpp */ = {isa = PBXFileReference; fileEncoding = 4; lastKnownFileType = sourcecode.cpp.cpp; path = unicode_util.cpp; sourceTree = "<group>"; };
		D603008D1EFAE98E006D0A9D /* unicode_util.h */ = {isa = PBXFileReference; fileEncoding = 4; lastKnownFileType = sourcecode.c.h; path = unicode_util.h; sourceTree = "<group>"; };
		D646504F1EA644F40067BA12 /* application.cpp */ = {isa = PBXFileReference; fileEncoding = 4; lastKnownFileType = sourcecode.cpp.cpp; path = application.cpp; sourceTree = "<group>"; };
		D64650501EA644F40067BA12 /* application.h */ = {isa = PBXFileReference; fileEncoding = 4; lastKnownFileType = sourcecode.c.h; path = application.h; sourceTree = "<group>"; };
		D64650561EA644F40067BA12 /* color.cpp */ = {isa = PBXFileReference; fileEncoding = 4; lastKnownFileType = sourcecode.cpp.cpp; path = color.cpp; sourceTree = "<group>"; };
		D64650571EA644F40067BA12 /* color.h */ = {isa = PBXFileReference; fileEncoding = 4; lastKnownFileType = sourcecode.c.h; path = color.h; sourceTree = "<group>"; };
		D646505A1EA644F40067BA12 /* dependency.h */ = {isa = PBXFileReference; fileEncoding = 4; lastKnownFileType = sourcecode.c.h; path = dependency.h; sourceTree = "<group>"; };
		D646505D1EA644F40067BA12 /* gl_assert.cpp */ = {isa = PBXFileReference; fileEncoding = 4; lastKnownFileType = sourcecode.cpp.cpp; path = gl_assert.cpp; sourceTree = "<group>"; };
		D646505E1EA644F40067BA12 /* gl_assert.h */ = {isa = PBXFileReference; fileEncoding = 4; lastKnownFileType = sourcecode.c.h; path = gl_assert.h; sourceTree = "<group>"; };
		D646505F1EA644F40067BA12 /* math.cpp */ = {isa = PBXFileReference; fileEncoding = 4; lastKnownFileType = sourcecode.cpp.cpp; path = math.cpp; sourceTree = "<group>"; };
		D64650601EA644F40067BA12 /* math.h */ = {isa = PBXFileReference; fileEncoding = 4; lastKnownFileType = sourcecode.c.h; path = math.h; sourceTree = "<group>"; };
		D64650611EA644F40067BA12 /* matrix3x3.cpp */ = {isa = PBXFileReference; fileEncoding = 4; lastKnownFileType = sourcecode.cpp.cpp; path = matrix3x3.cpp; sourceTree = "<group>"; };
		D64650621EA644F40067BA12 /* matrix3x3.h */ = {isa = PBXFileReference; fileEncoding = 4; lastKnownFileType = sourcecode.c.h; path = matrix3x3.h; sourceTree = "<group>"; };
		D64650631EA644F40067BA12 /* nanovg_gl_impl.cpp */ = {isa = PBXFileReference; fileEncoding = 4; lastKnownFileType = sourcecode.cpp.cpp; path = nanovg_gl_impl.cpp; sourceTree = "<group>"; };
		D64650661EA644F40067BA12 /* oliview.h */ = {isa = PBXFileReference; fileEncoding = 4; lastKnownFileType = sourcecode.c.h; path = oliview.h; sourceTree = "<group>"; };
		D646506A1EA644F40067BA12 /* rect.cpp */ = {isa = PBXFileReference; fileEncoding = 4; lastKnownFileType = sourcecode.cpp.cpp; path = rect.cpp; sourceTree = "<group>"; };
		D646506B1EA644F40067BA12 /* rect.h */ = {isa = PBXFileReference; fileEncoding = 4; lastKnownFileType = sourcecode.c.h; path = rect.h; sourceTree = "<group>"; };
		D64650731EA644F40067BA12 /* vector2.cpp */ = {isa = PBXFileReference; fileEncoding = 4; lastKnownFileType = sourcecode.cpp.cpp; path = vector2.cpp; sourceTree = "<group>"; };
		D64650741EA644F40067BA12 /* vector2.h */ = {isa = PBXFileReference; fileEncoding = 4; lastKnownFileType = sourcecode.c.h; path = vector2.h; sourceTree = "<group>"; };
		D64650751EA644F40067BA12 /* vector3.cpp */ = {isa = PBXFileReference; fileEncoding = 4; lastKnownFileType = sourcecode.cpp.cpp; path = vector3.cpp; sourceTree = "<group>"; };
		D64650761EA644F40067BA12 /* vector3.h */ = {isa = PBXFileReference; fileEncoding = 4; lastKnownFileType = sourcecode.c.h; path = vector3.h; sourceTree = "<group>"; };
		D64650771EA644F40067BA12 /* view.cpp */ = {isa = PBXFileReference; fileEncoding = 4; lastKnownFileType = sourcecode.cpp.cpp; path = view.cpp; sourceTree = "<group>"; };
		D64650781EA644F40067BA12 /* view.h */ = {isa = PBXFileReference; fileEncoding = 4; lastKnownFileType = sourcecode.c.h; path = view.h; sourceTree = "<group>"; };
		D64650791EA644F40067BA12 /* window.cpp */ = {isa = PBXFileReference; fileEncoding = 4; lastKnownFileType = sourcecode.cpp.cpp; path = window.cpp; sourceTree = "<group>"; };
		D646507A1EA644F40067BA12 /* window.h */ = {isa = PBXFileReference; fileEncoding = 4; lastKnownFileType = sourcecode.c.h; path = window.h; sourceTree = "<group>"; };
		D64650AC1EA671960067BA12 /* label.cpp */ = {isa = PBXFileReference; fileEncoding = 4; lastKnownFileType = sourcecode.cpp.cpp; path = label.cpp; sourceTree = "<group>"; };
		D64650AD1EA671960067BA12 /* label.h */ = {isa = PBXFileReference; fileEncoding = 4; lastKnownFileType = sourcecode.c.h; path = label.h; sourceTree = "<group>"; };
		D64651B71EAB50300067BA12 /* font.cpp */ = {isa = PBXFileReference; fileEncoding = 4; lastKnownFileType = sourcecode.cpp.cpp; path = font.cpp; sourceTree = "<group>"; };
		D64651B81EAB50300067BA12 /* font.h */ = {isa = PBXFileReference; fileEncoding = 4; lastKnownFileType = sourcecode.c.h; path = font.h; sourceTree = "<group>"; };
		D678E3A61F053A8700B9A4C0 /* text_draw_layouter.cpp */ = {isa = PBXFileReference; fileEncoding = 4; lastKnownFileType = sourcecode.cpp.cpp; path = text_draw_layouter.cpp; sourceTree = "<group>"; };
		D678E3A71F053A8700B9A4C0 /* text_draw_layouter.h */ = {isa = PBXFileReference; fileEncoding = 4; lastKnownFileType = sourcecode.c.h; path = text_draw_layouter.h; sourceTree = "<group>"; };
		D678E3AA1F053BEF00B9A4C0 /* size.cpp */ = {isa = PBXFileReference; fileEncoding = 4; lastKnownFileType = sourcecode.cpp.cpp; path = size.cpp; sourceTree = "<group>"; };
		D678E3AB1F053BEF00B9A4C0 /* size.h */ = {isa = PBXFileReference; fileEncoding = 4; lastKnownFileType = sourcecode.c.h; path = size.h; sourceTree = "<group>"; };
		D678E3AE1F0BBC3700B9A4C0 /* measure_query.cpp */ = {isa = PBXFileReference; fileEncoding = 4; lastKnownFileType = sourcecode.cpp.cpp; path = measure_query.cpp; sourceTree = "<group>"; };
		D678E3AF1F0BBC3700B9A4C0 /* measure_query.h */ = {isa = PBXFileReference; fileEncoding = 4; lastKnownFileType = sourcecode.c.h; path = measure_query.h; sourceTree = "<group>"; };
		D678E3B21F0BC0E200B9A4C0 /* nanovg_util.cpp */ = {isa = PBXFileReference; fileEncoding = 4; lastKnownFileType = sourcecode.cpp.cpp; path = nanovg_util.cpp; sourceTree = "<group>"; };
		D678E3B31F0BC0E200B9A4C0 /* nanovg_util.h */ = {isa = PBXFileReference; fileEncoding = 4; lastKnownFileType = sourcecode.c.h; path = nanovg_util.h; sourceTree = "<group>"; };
		D678E3B61F0BD24F00B9A4C0 /* layouter.cpp */ = {isa = PBXFileReference; fileEncoding = 4; lastKnownFileType = sourcecode.cpp.cpp; path = layouter.cpp; sourceTree = "<group>"; };
		D678E3B71F0BD24F00B9A4C0 /* layouter.h */ = {isa = PBXFileReference; fileEncoding = 4; lastKnownFileType = sourcecode.c.h; path = layouter.h; sourceTree = "<group>"; };
		D6C3F6AA1E99AAB50020D65A /* liboliview.a */ = {isa = PBXFileReference; explicitFileType = archive.ar; includeInIndex = 0; path = liboliview.a; sourceTree = BUILT_PRODUCTS_DIR; };
		D6C3F7331E9D29D90020D65A /* glfw3.h */ = {isa = PBXFileReference; fileEncoding = 4; lastKnownFileType = sourcecode.c.h; path = glfw3.h; sourceTree = "<group>"; };
		D6C3F7341E9D29D90020D65A /* glfw3native.h */ = {isa = PBXFileReference; fileEncoding = 4; lastKnownFileType = sourcecode.c.h; path = glfw3native.h; sourceTree = "<group>"; };
		D6C3F73D1E9D29F70020D65A /* fontstash.h */ = {isa = PBXFileReference; fileEncoding = 4; lastKnownFileType = sourcecode.c.h; path = fontstash.h; sourceTree = "<group>"; };
		D6C3F73E1E9D29F70020D65A /* nanovg.h */ = {isa = PBXFileReference; fileEncoding = 4; lastKnownFileType = sourcecode.c.h; path = nanovg.h; sourceTree = "<group>"; };
		D6C3F73F1E9D29F70020D65A /* nanovg_gl.h */ = {isa = PBXFileReference; fileEncoding = 4; lastKnownFileType = sourcecode.c.h; path = nanovg_gl.h; sourceTree = "<group>"; };
		D6C3F7401E9D29F70020D65A /* nanovg_gl_utils.h */ = {isa = PBXFileReference; fileEncoding = 4; lastKnownFileType = sourcecode.c.h; path = nanovg_gl_utils.h; sourceTree = "<group>"; };
		D6C3F7411E9D29F70020D65A /* stb_image.h */ = {isa = PBXFileReference; fileEncoding = 4; lastKnownFileType = sourcecode.c.h; path = stb_image.h; sourceTree = "<group>"; };
		D6C3F7421E9D29F70020D65A /* stb_truetype.h */ = {isa = PBXFileReference; fileEncoding = 4; lastKnownFileType = sourcecode.c.h; path = stb_truetype.h; sourceTree = "<group>"; };
/* End PBXFileReference section */

/* Begin PBXFrameworksBuildPhase section */
		D6C3F6A71E99AAB50020D65A /* Frameworks */ = {
			isa = PBXFrameworksBuildPhase;
			buildActionMask = 2147483647;
			files = (
			);
			runOnlyForDeploymentPostprocessing = 0;
		};
/* End PBXFrameworksBuildPhase section */

/* Begin PBXGroup section */
		D6C3F6A11E99AAB50020D65A = {
			isa = PBXGroup;
			children = (
				D6C3F72F1E9D29AA0020D65A /* ext */,
				D6C3F6D51E99FEE20020D65A /* src */,
				D6C3F6AB1E99AAB50020D65A /* Products */,
			);
			sourceTree = "<group>";
		};
		D6C3F6AB1E99AAB50020D65A /* Products */ = {
			isa = PBXGroup;
			children = (
				D6C3F6AA1E99AAB50020D65A /* liboliview.a */,
			);
			name = Products;
			sourceTree = "<group>";
		};
		D6C3F6D51E99FEE20020D65A /* src */ = {
			isa = PBXGroup;
			children = (
				D6C3F6D71E99FF090020D65A /* oliview */,
			);
			name = src;
			path = ../../src;
			sourceTree = "<group>";
		};
		D6C3F6D71E99FF090020D65A /* oliview */ = {
			isa = PBXGroup;
			children = (
				D646504F1EA644F40067BA12 /* application.cpp */,
				D64650501EA644F40067BA12 /* application.h */,
				D64650561EA644F40067BA12 /* color.cpp */,
				D64650571EA644F40067BA12 /* color.h */,
				D646505A1EA644F40067BA12 /* dependency.h */,
				D64651B71EAB50300067BA12 /* font.cpp */,
				D64651B81EAB50300067BA12 /* font.h */,
				D60300881EFA94AC006D0A9D /* font_manager.cpp */,
				D60300891EFA94AC006D0A9D /* font_manager.h */,
				D646505D1EA644F40067BA12 /* gl_assert.cpp */,
				D646505E1EA644F40067BA12 /* gl_assert.h */,
				D64650AC1EA671960067BA12 /* label.cpp */,
				D64650AD1EA671960067BA12 /* label.h */,
				D678E3B61F0BD24F00B9A4C0 /* layouter.cpp */,
				D678E3B71F0BD24F00B9A4C0 /* layouter.h */,
				D646505F1EA644F40067BA12 /* math.cpp */,
				D64650601EA644F40067BA12 /* math.h */,
				D64650611EA644F40067BA12 /* matrix3x3.cpp */,
				D64650621EA644F40067BA12 /* matrix3x3.h */,
				D678E3AE1F0BBC3700B9A4C0 /* measure_query.cpp */,
				D678E3AF1F0BBC3700B9A4C0 /* measure_query.h */,
				D64650631EA644F40067BA12 /* nanovg_gl_impl.cpp */,
				D678E3B21F0BC0E200B9A4C0 /* nanovg_util.cpp */,
				D678E3B31F0BC0E200B9A4C0 /* nanovg_util.h */,
				D64650661EA644F40067BA12 /* oliview.h */,
				D603008C1EFAE98E006D0A9D /* unicode_util.cpp */,
				D603008D1EFAE98E006D0A9D /* unicode_util.h */,
				D646506A1EA644F40067BA12 /* rect.cpp */,
				D646506B1EA644F40067BA12 /* rect.h */,
				D678E3AA1F053BEF00B9A4C0 /* size.cpp */,
				D678E3AB1F053BEF00B9A4C0 /* size.h */,
				D678E3A61F053A8700B9A4C0 /* text_draw_layouter.cpp */,
				D678E3A71F053A8700B9A4C0 /* text_draw_layouter.h */,
				D64650731EA644F40067BA12 /* vector2.cpp */,
				D64650741EA644F40067BA12 /* vector2.h */,
				D64650751EA644F40067BA12 /* vector3.cpp */,
				D64650761EA644F40067BA12 /* vector3.h */,
				D64650771EA644F40067BA12 /* view.cpp */,
				D64650781EA644F40067BA12 /* view.h */,
				D64650791EA644F40067BA12 /* window.cpp */,
				D646507A1EA644F40067BA12 /* window.h */,
			);
			path = oliview;
			sourceTree = "<group>";
		};
		D6C3F72F1E9D29AA0020D65A /* ext */ = {
			isa = PBXGroup;
			children = (
				D6C3F7301E9D29B60020D65A /* glfw */,
				D6C3F73B1E9D29F70020D65A /* nanovg */,
			);
			name = ext;
			path = ../../ext;
			sourceTree = "<group>";
		};
		D6C3F7301E9D29B60020D65A /* glfw */ = {
			isa = PBXGroup;
			children = (
				D6C3F7311E9D29D90020D65A /* include */,
			);
			path = glfw;
			sourceTree = "<group>";
		};
		D6C3F7311E9D29D90020D65A /* include */ = {
			isa = PBXGroup;
			children = (
				D6C3F7321E9D29D90020D65A /* GLFW */,
			);
			path = include;
			sourceTree = "<group>";
		};
		D6C3F7321E9D29D90020D65A /* GLFW */ = {
			isa = PBXGroup;
			children = (
				D6C3F7331E9D29D90020D65A /* glfw3.h */,
				D6C3F7341E9D29D90020D65A /* glfw3native.h */,
			);
			path = GLFW;
			sourceTree = "<group>";
		};
		D6C3F73B1E9D29F70020D65A /* nanovg */ = {
			isa = PBXGroup;
			children = (
				D6C3F73C1E9D29F70020D65A /* include */,
			);
			path = nanovg;
			sourceTree = "<group>";
		};
		D6C3F73C1E9D29F70020D65A /* include */ = {
			isa = PBXGroup;
			children = (
				D6C3F73D1E9D29F70020D65A /* fontstash.h */,
				D6C3F73E1E9D29F70020D65A /* nanovg.h */,
				D6C3F73F1E9D29F70020D65A /* nanovg_gl.h */,
				D6C3F7401E9D29F70020D65A /* nanovg_gl_utils.h */,
				D6C3F7411E9D29F70020D65A /* stb_image.h */,
				D6C3F7421E9D29F70020D65A /* stb_truetype.h */,
			);
			path = include;
			sourceTree = "<group>";
		};
/* End PBXGroup section */

/* Begin PBXHeadersBuildPhase section */
		D6C3F6A81E99AAB50020D65A /* Headers */ = {
			isa = PBXHeadersBuildPhase;
			buildActionMask = 2147483647;
			files = (
				D60300901EFAE98E006D0A9D /* unicode_util.h in Headers */,
				D603008B1EFA94AC006D0A9D /* font_manager.h in Headers */,
				D64650AF1EA671960067BA12 /* label.h in Headers */,
				D64650971EA644F40067BA12 /* rect.h in Headers */,
				D6C3F74A1E9D29F70020D65A /* stb_image.h in Headers */,
				D678E3B51F0BC0E200B9A4C0 /* nanovg_util.h in Headers */,
				D6C3F7491E9D29F70020D65A /* nanovg_gl_utils.h in Headers */,
				D64650A01EA644F40067BA12 /* vector2.h in Headers */,
				D64650A21EA644F40067BA12 /* vector3.h in Headers */,
				D6C3F7381E9D29D90020D65A /* glfw3.h in Headers */,
				D64651BA1EAB50300067BA12 /* font.h in Headers */,
				D6C3F7461E9D29F70020D65A /* fontstash.h in Headers */,
				D6C3F7471E9D29F70020D65A /* nanovg.h in Headers */,
				D646508C1EA644F40067BA12 /* math.h in Headers */,
				D678E3AD1F053BEF00B9A4C0 /* size.h in Headers */,
				D678E3B91F0BD24F00B9A4C0 /* layouter.h in Headers */,
				D6C3F7481E9D29F70020D65A /* nanovg_gl.h in Headers */,
				D6C3F74B1E9D29F70020D65A /* stb_truetype.h in Headers */,
				D646507C1EA644F40067BA12 /* application.h in Headers */,
				D64650831EA644F40067BA12 /* color.h in Headers */,
				D64650A41EA644F40067BA12 /* view.h in Headers */,
				D678E3A91F053A8700B9A4C0 /* text_draw_layouter.h in Headers */,
				D646508A1EA644F40067BA12 /* gl_assert.h in Headers */,
				D678E3B11F0BBC3700B9A4C0 /* measure_query.h in Headers */,
				D64650A61EA644F40067BA12 /* window.h in Headers */,
				D64650921EA644F40067BA12 /* oliview.h in Headers */,
				D6C3F7391E9D29D90020D65A /* glfw3native.h in Headers */,
				D646508E1EA644F40067BA12 /* matrix3x3.h in Headers */,
				D64650861EA644F40067BA12 /* dependency.h in Headers */,
			);
			runOnlyForDeploymentPostprocessing = 0;
		};
/* End PBXHeadersBuildPhase section */

/* Begin PBXNativeTarget section */
		D6C3F6A91E99AAB50020D65A /* oliview */ = {
			isa = PBXNativeTarget;
			buildConfigurationList = D6C3F6B51E99AAB50020D65A /* Build configuration list for PBXNativeTarget "oliview" */;
			buildPhases = (
				D6C3F6A61E99AAB50020D65A /* Sources */,
				D6C3F6A71E99AAB50020D65A /* Frameworks */,
				D6C3F6A81E99AAB50020D65A /* Headers */,
			);
			buildRules = (
			);
			dependencies = (
			);
			name = oliview;
			productName = oliview;
			productReference = D6C3F6AA1E99AAB50020D65A /* liboliview.a */;
			productType = "com.apple.product-type.library.static";
		};
/* End PBXNativeTarget section */

/* Begin PBXProject section */
		D6C3F6A21E99AAB50020D65A /* Project object */ = {
			isa = PBXProject;
			attributes = {
				LastUpgradeCheck = 0830;
				ORGANIZATIONNAME = omochimetaru;
				TargetAttributes = {
					D6C3F6A91E99AAB50020D65A = {
						CreatedOnToolsVersion = 8.3;
						ProvisioningStyle = Automatic;
					};
				};
			};
			buildConfigurationList = D6C3F6A51E99AAB50020D65A /* Build configuration list for PBXProject "oliview" */;
			compatibilityVersion = "Xcode 3.2";
			developmentRegion = English;
			hasScannedForEncodings = 0;
			knownRegions = (
				en,
			);
			mainGroup = D6C3F6A11E99AAB50020D65A;
			productRefGroup = D6C3F6AB1E99AAB50020D65A /* Products */;
			projectDirPath = "";
			projectRoot = "";
			targets = (
				D6C3F6A91E99AAB50020D65A /* oliview */,
			);
		};
/* End PBXProject section */

/* Begin PBXSourcesBuildPhase section */
		D6C3F6A61E99AAB50020D65A /* Sources */ = {
			isa = PBXSourcesBuildPhase;
			buildActionMask = 2147483647;
			files = (
				D64650A31EA644F40067BA12 /* view.cpp in Sources */,
				D646508D1EA644F40067BA12 /* matrix3x3.cpp in Sources */,
				D64651B91EAB50300067BA12 /* font.cpp in Sources */,
				D64650961EA644F40067BA12 /* rect.cpp in Sources */,
				D646508F1EA644F40067BA12 /* nanovg_gl_impl.cpp in Sources */,
				D678E3B01F0BBC3700B9A4C0 /* measure_query.cpp in Sources */,
				D64650821EA644F40067BA12 /* color.cpp in Sources */,
				D603008A1EFA94AC006D0A9D /* font_manager.cpp in Sources */,
				D646507B1EA644F40067BA12 /* application.cpp in Sources */,
				D603008F1EFAE98E006D0A9D /* unicode_util.cpp in Sources */,
				D64650A51EA644F40067BA12 /* window.cpp in Sources */,
				D678E3B41F0BC0E200B9A4C0 /* nanovg_util.cpp in Sources */,
				D678E3AC1F053BEF00B9A4C0 /* size.cpp in Sources */,
				D64650A11EA644F40067BA12 /* vector3.cpp in Sources */,
				D678E3B81F0BD24F00B9A4C0 /* layouter.cpp in Sources */,
				D678E3A81F053A8700B9A4C0 /* text_draw_layouter.cpp in Sources */,
				D646509F1EA644F40067BA12 /* vector2.cpp in Sources */,
				D64650891EA644F40067BA12 /* gl_assert.cpp in Sources */,
				D646508B1EA644F40067BA12 /* math.cpp in Sources */,
				D64650AE1EA671960067BA12 /* label.cpp in Sources */,
			);
			runOnlyForDeploymentPostprocessing = 0;
		};
/* End PBXSourcesBuildPhase section */

/* Begin XCBuildConfiguration section */
		D6C3F6B31E99AAB50020D65A /* Debug */ = {
			isa = XCBuildConfiguration;
			buildSettings = {
				ALWAYS_SEARCH_USER_PATHS = NO;
				CLANG_ANALYZER_NONNULL = YES;
				CLANG_ANALYZER_NUMBER_OBJECT_CONVERSION = YES_AGGRESSIVE;
				CLANG_CXX_LANGUAGE_STANDARD = "gnu++0x";
				CLANG_CXX_LIBRARY = "libc++";
				CLANG_ENABLE_MODULES = YES;
				CLANG_ENABLE_OBJC_ARC = YES;
				CLANG_WARN_ASSIGN_ENUM = YES;
				CLANG_WARN_BOOL_CONVERSION = YES;
				CLANG_WARN_CONSTANT_CONVERSION = YES;
				CLANG_WARN_CXX0X_EXTENSIONS = YES;
				CLANG_WARN_DIRECT_OBJC_ISA_USAGE = YES_ERROR;
				CLANG_WARN_DOCUMENTATION_COMMENTS = YES;
				CLANG_WARN_EMPTY_BODY = YES;
				CLANG_WARN_ENUM_CONVERSION = YES;
				CLANG_WARN_INFINITE_RECURSION = YES;
				CLANG_WARN_INT_CONVERSION = YES;
				CLANG_WARN_OBJC_ROOT_CLASS = YES_ERROR;
				CLANG_WARN_SUSPICIOUS_IMPLICIT_CONVERSION = YES;
				CLANG_WARN_SUSPICIOUS_MOVE = YES;
				CLANG_WARN_UNREACHABLE_CODE = YES;
				CLANG_WARN__DUPLICATE_METHOD_MATCH = YES;
				CLANG_WARN__EXIT_TIME_DESTRUCTORS = YES;
				CODE_SIGN_IDENTITY = "-";
				COPY_PHASE_STRIP = NO;
				DEBUG_INFORMATION_FORMAT = dwarf;
				ENABLE_STRICT_OBJC_MSGSEND = YES;
				ENABLE_TESTABILITY = YES;
				GCC_C_LANGUAGE_STANDARD = gnu99;
				GCC_DYNAMIC_NO_PIC = NO;
				GCC_NO_COMMON_BLOCKS = YES;
				GCC_OPTIMIZATION_LEVEL = 0;
				GCC_PREPROCESSOR_DEFINITIONS = (
					"DEBUG=1",
					"$(inherited)",
				);
				GCC_TREAT_IMPLICIT_FUNCTION_DECLARATIONS_AS_ERRORS = YES;
				GCC_TREAT_INCOMPATIBLE_POINTER_TYPE_WARNINGS_AS_ERRORS = YES;
				GCC_WARN_64_TO_32_BIT_CONVERSION = YES;
				GCC_WARN_ABOUT_MISSING_FIELD_INITIALIZERS = YES;
				GCC_WARN_ABOUT_MISSING_NEWLINE = YES;
				GCC_WARN_ABOUT_MISSING_PROTOTYPES = YES;
				GCC_WARN_ABOUT_RETURN_TYPE = YES_ERROR;
				GCC_WARN_FOUR_CHARACTER_CONSTANTS = YES;
				GCC_WARN_HIDDEN_VIRTUAL_FUNCTIONS = YES;
				GCC_WARN_INITIALIZER_NOT_FULLY_BRACKETED = YES;
				GCC_WARN_NON_VIRTUAL_DESTRUCTOR = YES;
				GCC_WARN_SHADOW = YES;
				GCC_WARN_SIGN_COMPARE = YES;
				GCC_WARN_UNDECLARED_SELECTOR = YES;
				GCC_WARN_UNINITIALIZED_AUTOS = YES_AGGRESSIVE;
				GCC_WARN_UNKNOWN_PRAGMAS = YES;
				GCC_WARN_UNUSED_FUNCTION = YES;
				GCC_WARN_UNUSED_LABEL = YES;
				GCC_WARN_UNUSED_PARAMETER = YES;
				GCC_WARN_UNUSED_VARIABLE = YES;
				MACOSX_DEPLOYMENT_TARGET = 10.12;
				MTL_ENABLE_DEBUG_INFO = YES;
				ONLY_ACTIVE_ARCH = YES;
				SDKROOT = macosx;
			};
			name = Debug;
		};
		D6C3F6B41E99AAB50020D65A /* Release */ = {
			isa = XCBuildConfiguration;
			buildSettings = {
				ALWAYS_SEARCH_USER_PATHS = NO;
				CLANG_ANALYZER_NONNULL = YES;
				CLANG_ANALYZER_NUMBER_OBJECT_CONVERSION = YES_AGGRESSIVE;
				CLANG_CXX_LANGUAGE_STANDARD = "gnu++0x";
				CLANG_CXX_LIBRARY = "libc++";
				CLANG_ENABLE_MODULES = YES;
				CLANG_ENABLE_OBJC_ARC = YES;
				CLANG_WARN_ASSIGN_ENUM = YES;
				CLANG_WARN_BOOL_CONVERSION = YES;
				CLANG_WARN_CONSTANT_CONVERSION = YES;
				CLANG_WARN_CXX0X_EXTENSIONS = YES;
				CLANG_WARN_DIRECT_OBJC_ISA_USAGE = YES_ERROR;
				CLANG_WARN_DOCUMENTATION_COMMENTS = YES;
				CLANG_WARN_EMPTY_BODY = YES;
				CLANG_WARN_ENUM_CONVERSION = YES;
				CLANG_WARN_INFINITE_RECURSION = YES;
				CLANG_WARN_INT_CONVERSION = YES;
				CLANG_WARN_OBJC_ROOT_CLASS = YES_ERROR;
				CLANG_WARN_SUSPICIOUS_IMPLICIT_CONVERSION = YES;
				CLANG_WARN_SUSPICIOUS_MOVE = YES;
				CLANG_WARN_UNREACHABLE_CODE = YES;
				CLANG_WARN__DUPLICATE_METHOD_MATCH = YES;
				CLANG_WARN__EXIT_TIME_DESTRUCTORS = YES;
				CODE_SIGN_IDENTITY = "-";
				COPY_PHASE_STRIP = NO;
				DEBUG_INFORMATION_FORMAT = "dwarf-with-dsym";
				ENABLE_NS_ASSERTIONS = NO;
				ENABLE_STRICT_OBJC_MSGSEND = YES;
				GCC_C_LANGUAGE_STANDARD = gnu99;
				GCC_NO_COMMON_BLOCKS = YES;
				GCC_TREAT_IMPLICIT_FUNCTION_DECLARATIONS_AS_ERRORS = YES;
				GCC_TREAT_INCOMPATIBLE_POINTER_TYPE_WARNINGS_AS_ERRORS = YES;
				GCC_WARN_64_TO_32_BIT_CONVERSION = YES;
				GCC_WARN_ABOUT_MISSING_FIELD_INITIALIZERS = YES;
				GCC_WARN_ABOUT_MISSING_NEWLINE = YES;
				GCC_WARN_ABOUT_MISSING_PROTOTYPES = YES;
				GCC_WARN_ABOUT_RETURN_TYPE = YES_ERROR;
				GCC_WARN_FOUR_CHARACTER_CONSTANTS = YES;
				GCC_WARN_HIDDEN_VIRTUAL_FUNCTIONS = YES;
				GCC_WARN_INITIALIZER_NOT_FULLY_BRACKETED = YES;
				GCC_WARN_NON_VIRTUAL_DESTRUCTOR = YES;
				GCC_WARN_SHADOW = YES;
				GCC_WARN_SIGN_COMPARE = YES;
				GCC_WARN_UNDECLARED_SELECTOR = YES;
				GCC_WARN_UNINITIALIZED_AUTOS = YES_AGGRESSIVE;
				GCC_WARN_UNKNOWN_PRAGMAS = YES;
				GCC_WARN_UNUSED_FUNCTION = YES;
				GCC_WARN_UNUSED_LABEL = YES;
				GCC_WARN_UNUSED_PARAMETER = YES;
				GCC_WARN_UNUSED_VARIABLE = YES;
				MACOSX_DEPLOYMENT_TARGET = 10.12;
				MTL_ENABLE_DEBUG_INFO = NO;
				SDKROOT = macosx;
			};
			name = Release;
		};
		D6C3F6B61E99AAB50020D65A /* Debug */ = {
			isa = XCBuildConfiguration;
			buildSettings = {
				CLANG_CXX_LANGUAGE_STANDARD = "gnu++14";
				CLANG_WARN_SUSPICIOUS_IMPLICIT_CONVERSION = YES;
				EXECUTABLE_PREFIX = lib;
				GCC_ENABLE_CPP_EXCEPTIONS = YES;
				GCC_ENABLE_CPP_RTTI = YES;
				GCC_WARN_ABOUT_MISSING_NEWLINE = YES;
				HEADER_SEARCH_PATHS = (
					../../ext/glfw/include,
					../../ext/nanovg/include,
					"../../ext/cpp-rhetoric/src",
				);
				PRODUCT_NAME = "$(TARGET_NAME)";
				USE_HEADERMAP = NO;
			};
			name = Debug;
		};
		D6C3F6B71E99AAB50020D65A /* Release */ = {
			isa = XCBuildConfiguration;
			buildSettings = {
				CLANG_CXX_LANGUAGE_STANDARD = "gnu++14";
				CLANG_WARN_SUSPICIOUS_IMPLICIT_CONVERSION = YES;
				EXECUTABLE_PREFIX = lib;
				GCC_ENABLE_CPP_EXCEPTIONS = YES;
				GCC_ENABLE_CPP_RTTI = YES;
				GCC_WARN_ABOUT_MISSING_NEWLINE = YES;
				HEADER_SEARCH_PATHS = (
					../../ext/glfw/include,
					../../ext/nanovg/include,
					"../../ext/cpp-rhetoric/src",
				);
				PRODUCT_NAME = "$(TARGET_NAME)";
				USE_HEADERMAP = NO;
			};
			name = Release;
		};
/* End XCBuildConfiguration section */

/* Begin XCConfigurationList section */
		D6C3F6A51E99AAB50020D65A /* Build configuration list for PBXProject "oliview" */ = {
			isa = XCConfigurationList;
			buildConfigurations = (
				D6C3F6B31E99AAB50020D65A /* Debug */,
				D6C3F6B41E99AAB50020D65A /* Release */,
			);
			defaultConfigurationIsVisible = 0;
			defaultConfigurationName = Release;
		};
		D6C3F6B51E99AAB50020D65A /* Build configuration list for PBXNativeTarget "oliview" */ = {
			isa = XCConfigurationList;
			buildConfigurations = (
				D6C3F6B61E99AAB50020D65A /* Debug */,
				D6C3F6B71E99AAB50020D65A /* Release */,
			);
			defaultConfigurationIsVisible = 0;
			defaultConfigurationName = Release;
		};
/* End XCConfigurationList section */
	};
	rootObject = D6C3F6A21E99AAB50020D65A /* Project object */;
}
