// !$*UTF8*$!
{
	archiveVersion = 1;
	classes = {
	};
	objectVersion = 46;
	objects = {

/* Begin PBXBuildFile section */
		D60300901EFAE98E006D0A9D /* unicode_util.h in Headers */ = {isa = PBXBuildFile; fileRef = D603008D1EFAE98E006D0A9D /* unicode_util.h */; };
		D6079AC21F18C41F005316D3 /* application_object.cpp in Sources */ = {isa = PBXBuildFile; fileRef = D6079AC01F18C41F005316D3 /* application_object.cpp */; };
		D6079AC31F18C41F005316D3 /* application_object.h in Headers */ = {isa = PBXBuildFile; fileRef = D6079AC11F18C41F005316D3 /* application_object.h */; };
		D6079AC61F193023005316D3 /* char_event.cpp in Sources */ = {isa = PBXBuildFile; fileRef = D6079AC41F193023005316D3 /* char_event.cpp */; };
		D6079AC71F193023005316D3 /* char_event.h in Headers */ = {isa = PBXBuildFile; fileRef = D6079AC51F193023005316D3 /* char_event.h */; };
		D6079ACD1F1A66ED005316D3 /* scroll_event.cpp in Sources */ = {isa = PBXBuildFile; fileRef = D6079ACB1F1A66ED005316D3 /* scroll_event.cpp */; };
		D6079ACE1F1A66ED005316D3 /* scroll_event.h in Headers */ = {isa = PBXBuildFile; fileRef = D6079ACC1F1A66ED005316D3 /* scroll_event.h */; };
		D6123EB81F205D0700C5CBF6 /* scroll_view.cpp in Sources */ = {isa = PBXBuildFile; fileRef = D6123EB61F205D0700C5CBF6 /* scroll_view.cpp */; };
		D6123EB91F205D0700C5CBF6 /* scroll_view.h in Headers */ = {isa = PBXBuildFile; fileRef = D6123EB71F205D0700C5CBF6 /* scroll_view.h */; };
		D639A04B1F0D5FAC0059B6BA /* table_dimension.h in Headers */ = {isa = PBXBuildFile; fileRef = D639A0491F0D5FAC0059B6BA /* table_dimension.h */; };
		D639A04F1F0E70D20059B6BA /* text_box.h in Headers */ = {isa = PBXBuildFile; fileRef = D639A04D1F0E70D20059B6BA /* text_box.h */; };
		D639A0601F0FCEE30059B6BA /* string_slice.h in Headers */ = {isa = PBXBuildFile; fileRef = D639A05E1F0FCEE30059B6BA /* string_slice.h */; };
		D639A0641F0FD96C0059B6BA /* text_draw_info.h in Headers */ = {isa = PBXBuildFile; fileRef = D639A0621F0FD96C0059B6BA /* text_draw_info.h */; };
		D678E3A91F053A8700B9A4C0 /* text_draw_layouter.h in Headers */ = {isa = PBXBuildFile; fileRef = D678E3A71F053A8700B9A4C0 /* text_draw_layouter.h */; };
		D6860C3A1F14C32E00ED2230 /* mouse_event.h in Headers */ = {isa = PBXBuildFile; fileRef = D6860C381F14C32E00ED2230 /* mouse_event.h */; };
		D6C3F7381E9D29D90020D65A /* glfw3.h in Headers */ = {isa = PBXBuildFile; fileRef = D6C3F7331E9D29D90020D65A /* glfw3.h */; };
		D6C3F7391E9D29D90020D65A /* glfw3native.h in Headers */ = {isa = PBXBuildFile; fileRef = D6C3F7341E9D29D90020D65A /* glfw3native.h */; };
		D6C3F7461E9D29F70020D65A /* fontstash.h in Headers */ = {isa = PBXBuildFile; fileRef = D6C3F73D1E9D29F70020D65A /* fontstash.h */; };
		D6C3F7471E9D29F70020D65A /* nanovg.h in Headers */ = {isa = PBXBuildFile; fileRef = D6C3F73E1E9D29F70020D65A /* nanovg.h */; };
		D6C3F7481E9D29F70020D65A /* nanovg_gl.h in Headers */ = {isa = PBXBuildFile; fileRef = D6C3F73F1E9D29F70020D65A /* nanovg_gl.h */; };
		D6C3F7491E9D29F70020D65A /* nanovg_gl_utils.h in Headers */ = {isa = PBXBuildFile; fileRef = D6C3F7401E9D29F70020D65A /* nanovg_gl_utils.h */; };
		D6C3F74A1E9D29F70020D65A /* stb_image.h in Headers */ = {isa = PBXBuildFile; fileRef = D6C3F7411E9D29F70020D65A /* stb_image.h */; };
		D6C3F74B1E9D29F70020D65A /* stb_truetype.h in Headers */ = {isa = PBXBuildFile; fileRef = D6C3F7421E9D29F70020D65A /* stb_truetype.h */; };
		D6D33E631F13C20C00A12F92 /* text_line_reader.h in Headers */ = {isa = PBXBuildFile; fileRef = D6D33E611F13C20C00A12F92 /* text_line_reader.h */; };
		D6E246E51F1726990004F947 /* key_event.h in Headers */ = {isa = PBXBuildFile; fileRef = D6E246E31F1726990004F947 /* key_event.h */; };
		D6E246E91F172F920004F947 /* window_root_view.h in Headers */ = {isa = PBXBuildFile; fileRef = D6E246E71F172F920004F947 /* window_root_view.h */; };
		D6F1F2651F0F4D9400A61981 /* text.h in Headers */ = {isa = PBXBuildFile; fileRef = D6F1F2631F0F4D9400A61981 /* text.h */; };
		D6F1F26A1F0F646D00A61981 /* utf8.h in Headers */ = {isa = PBXBuildFile; fileRef = D6F1F2681F0F646D00A61981 /* utf8.h */; };
		D6F1F2A01F0F7D9E00A61981 /* application.h in Headers */ = {isa = PBXBuildFile; fileRef = D6F1F26C1F0F7D9E00A61981 /* application.h */; };
		D6F1F2A21F0F7D9E00A61981 /* color.h in Headers */ = {isa = PBXBuildFile; fileRef = D6F1F26E1F0F7D9E00A61981 /* color.h */; };
		D6F1F2A31F0F7D9E00A61981 /* dependency.h in Headers */ = {isa = PBXBuildFile; fileRef = D6F1F26F1F0F7D9E00A61981 /* dependency.h */; };
		D6F1F2A51F0F7D9E00A61981 /* font_manager.h in Headers */ = {isa = PBXBuildFile; fileRef = D6F1F2711F0F7D9E00A61981 /* font_manager.h */; };
		D6F1F2A71F0F7D9E00A61981 /* font.h in Headers */ = {isa = PBXBuildFile; fileRef = D6F1F2731F0F7D9E00A61981 /* font.h */; };
		D6F1F2A91F0F7D9E00A61981 /* gl_assert.h in Headers */ = {isa = PBXBuildFile; fileRef = D6F1F2751F0F7D9E00A61981 /* gl_assert.h */; };
		D6F1F2AB1F0F7D9E00A61981 /* grid_layouter.h in Headers */ = {isa = PBXBuildFile; fileRef = D6F1F2771F0F7D9E00A61981 /* grid_layouter.h */; };
		D6F1F2AC1F0F7D9E00A61981 /* init_macro.h in Headers */ = {isa = PBXBuildFile; fileRef = D6F1F2781F0F7D9E00A61981 /* init_macro.h */; };
		D6F1F2AE1F0F7D9E00A61981 /* label.h in Headers */ = {isa = PBXBuildFile; fileRef = D6F1F27A1F0F7D9E00A61981 /* label.h */; };
		D6F1F2B01F0F7D9E00A61981 /* layouter.h in Headers */ = {isa = PBXBuildFile; fileRef = D6F1F27C1F0F7D9E00A61981 /* layouter.h */; };
		D6F1F2B21F0F7D9E00A61981 /* math.h in Headers */ = {isa = PBXBuildFile; fileRef = D6F1F27E1F0F7D9E00A61981 /* math.h */; };
		D6F1F2B41F0F7D9E00A61981 /* matrix3x3.h in Headers */ = {isa = PBXBuildFile; fileRef = D6F1F2801F0F7D9E00A61981 /* matrix3x3.h */; };
		D6F1F2B61F0F7D9E00A61981 /* measure_query.h in Headers */ = {isa = PBXBuildFile; fileRef = D6F1F2821F0F7D9E00A61981 /* measure_query.h */; };
		D6F1F2B91F0F7D9E00A61981 /* nanovg_util.h in Headers */ = {isa = PBXBuildFile; fileRef = D6F1F2851F0F7D9E00A61981 /* nanovg_util.h */; };
		D6F1F2BA1F0F7D9E00A61981 /* oliview.h in Headers */ = {isa = PBXBuildFile; fileRef = D6F1F2861F0F7D9E00A61981 /* oliview.h */; };
		D6F1F2BC1F0F7D9E00A61981 /* rect.h in Headers */ = {isa = PBXBuildFile; fileRef = D6F1F2881F0F7D9E00A61981 /* rect.h */; };
		D6F1F2BE1F0F7D9E00A61981 /* size.h in Headers */ = {isa = PBXBuildFile; fileRef = D6F1F28A1F0F7D9E00A61981 /* size.h */; };
		D6F1F2C01F0F7D9E00A61981 /* table_dimension.h in Headers */ = {isa = PBXBuildFile; fileRef = D6F1F28C1F0F7D9E00A61981 /* table_dimension.h */; };
		D6F1F2C21F0F7D9E00A61981 /* text_box.h in Headers */ = {isa = PBXBuildFile; fileRef = D6F1F28E1F0F7D9E00A61981 /* text_box.h */; };
		D6F1F2C41F0F7D9E00A61981 /* text_draw_layouter.h in Headers */ = {isa = PBXBuildFile; fileRef = D6F1F2901F0F7D9E00A61981 /* text_draw_layouter.h */; };
		D6F1F2C61F0F7D9E00A61981 /* text.h in Headers */ = {isa = PBXBuildFile; fileRef = D6F1F2921F0F7D9E00A61981 /* text.h */; };
		D6F1F2CA1F0F7D9E00A61981 /* utf8.h in Headers */ = {isa = PBXBuildFile; fileRef = D6F1F2961F0F7D9E00A61981 /* utf8.h */; };
		D6F1F2CC1F0F7D9E00A61981 /* vector2.h in Headers */ = {isa = PBXBuildFile; fileRef = D6F1F2981F0F7D9E00A61981 /* vector2.h */; };
		D6F1F2CE1F0F7D9E00A61981 /* vector3.h in Headers */ = {isa = PBXBuildFile; fileRef = D6F1F29A1F0F7D9E00A61981 /* vector3.h */; };
		D6F1F2D01F0F7D9E00A61981 /* view.h in Headers */ = {isa = PBXBuildFile; fileRef = D6F1F29C1F0F7D9E00A61981 /* view.h */; };
		D6F1F2D21F0F7D9E00A61981 /* window.h in Headers */ = {isa = PBXBuildFile; fileRef = D6F1F29E1F0F7D9E00A61981 /* window.h */; };
		D6F560A51F1CF093009389FD /* edge_inset.cpp in Sources */ = {isa = PBXBuildFile; fileRef = D6F560A31F1CF093009389FD /* edge_inset.cpp */; };
		D6F560A61F1CF093009389FD /* edge_inset.h in Headers */ = {isa = PBXBuildFile; fileRef = D6F560A41F1CF093009389FD /* edge_inset.h */; };
		D6F560A91F1E3776009389FD /* scroll_bar.cpp in Sources */ = {isa = PBXBuildFile; fileRef = D6F560A71F1E3776009389FD /* scroll_bar.cpp */; };
		D6F560AA1F1E3776009389FD /* scroll_bar.h in Headers */ = {isa = PBXBuildFile; fileRef = D6F560A81F1E3776009389FD /* scroll_bar.h */; };
		D6F560AD1F1E38EA009389FD /* axis.cpp in Sources */ = {isa = PBXBuildFile; fileRef = D6F560AB1F1E38EA009389FD /* axis.cpp */; };
		D6F560AE1F1E38EA009389FD /* axis.h in Headers */ = {isa = PBXBuildFile; fileRef = D6F560AC1F1E38EA009389FD /* axis.h */; };
		D6FBA9381F18A014004BA8BE /* application.cpp in Sources */ = {isa = PBXBuildFile; fileRef = D6F1F26B1F0F7D9E00A61981 /* application.cpp */; };
		D6FBA9391F18A014004BA8BE /* color.cpp in Sources */ = {isa = PBXBuildFile; fileRef = D6F1F26D1F0F7D9E00A61981 /* color.cpp */; };
		D6FBA93A1F18A014004BA8BE /* font.cpp in Sources */ = {isa = PBXBuildFile; fileRef = D6F1F2721F0F7D9E00A61981 /* font.cpp */; };
		D6FBA93B1F18A014004BA8BE /* font_manager.cpp in Sources */ = {isa = PBXBuildFile; fileRef = D6F1F2701F0F7D9E00A61981 /* font_manager.cpp */; };
		D6FBA93C1F18A014004BA8BE /* gl_assert.cpp in Sources */ = {isa = PBXBuildFile; fileRef = D6F1F2741F0F7D9E00A61981 /* gl_assert.cpp */; };
		D6FBA93D1F18A014004BA8BE /* grid_layouter.cpp in Sources */ = {isa = PBXBuildFile; fileRef = D6F1F2761F0F7D9E00A61981 /* grid_layouter.cpp */; };
		D6FBA93E1F18A014004BA8BE /* key_event.cpp in Sources */ = {isa = PBXBuildFile; fileRef = D6E246E21F1726990004F947 /* key_event.cpp */; };
		D6FBA93F1F18A014004BA8BE /* label.cpp in Sources */ = {isa = PBXBuildFile; fileRef = D6F1F2791F0F7D9E00A61981 /* label.cpp */; };
		D6FBA9401F18A014004BA8BE /* layouter.cpp in Sources */ = {isa = PBXBuildFile; fileRef = D6F1F27B1F0F7D9E00A61981 /* layouter.cpp */; };
		D6FBA9411F18A014004BA8BE /* math.cpp in Sources */ = {isa = PBXBuildFile; fileRef = D6F1F27D1F0F7D9E00A61981 /* math.cpp */; };
		D6FBA9421F18A014004BA8BE /* matrix3x3.cpp in Sources */ = {isa = PBXBuildFile; fileRef = D6F1F27F1F0F7D9E00A61981 /* matrix3x3.cpp */; };
		D6FBA9431F18A014004BA8BE /* measure_query.cpp in Sources */ = {isa = PBXBuildFile; fileRef = D6F1F2811F0F7D9E00A61981 /* measure_query.cpp */; };
		D6FBA9441F18A014004BA8BE /* mouse_event.cpp in Sources */ = {isa = PBXBuildFile; fileRef = D6860C371F14C32E00ED2230 /* mouse_event.cpp */; };
		D6FBA9451F18A014004BA8BE /* nanovg_gl_impl.cpp in Sources */ = {isa = PBXBuildFile; fileRef = D6F1F2831F0F7D9E00A61981 /* nanovg_gl_impl.cpp */; };
		D6FBA9461F18A014004BA8BE /* nanovg_util.cpp in Sources */ = {isa = PBXBuildFile; fileRef = D6F1F2841F0F7D9E00A61981 /* nanovg_util.cpp */; };
		D6FBA9471F18A014004BA8BE /* rect.cpp in Sources */ = {isa = PBXBuildFile; fileRef = D6F1F2871F0F7D9E00A61981 /* rect.cpp */; };
		D6FBA9481F18A014004BA8BE /* size.cpp in Sources */ = {isa = PBXBuildFile; fileRef = D6F1F2891F0F7D9E00A61981 /* size.cpp */; };
		D6FBA9491F18A014004BA8BE /* table_dimension.cpp in Sources */ = {isa = PBXBuildFile; fileRef = D6F1F28B1F0F7D9E00A61981 /* table_dimension.cpp */; };
		D6FBA94A1F18A014004BA8BE /* text.cpp in Sources */ = {isa = PBXBuildFile; fileRef = D6F1F2911F0F7D9E00A61981 /* text.cpp */; };
		D6FBA94B1F18A014004BA8BE /* text_box.cpp in Sources */ = {isa = PBXBuildFile; fileRef = D6F1F28D1F0F7D9E00A61981 /* text_box.cpp */; };
		D6FBA94C1F18A014004BA8BE /* text_draw_info.cpp in Sources */ = {isa = PBXBuildFile; fileRef = D639A0611F0FD96C0059B6BA /* text_draw_info.cpp */; };
		D6FBA94D1F18A014004BA8BE /* text_draw_layouter.cpp in Sources */ = {isa = PBXBuildFile; fileRef = D6F1F28F1F0F7D9E00A61981 /* text_draw_layouter.cpp */; };
		D6FBA94E1F18A014004BA8BE /* text_line_reader.cpp in Sources */ = {isa = PBXBuildFile; fileRef = D6D33E601F13C20C00A12F92 /* text_line_reader.cpp */; };
		D6FBA94F1F18A014004BA8BE /* utf8.cpp in Sources */ = {isa = PBXBuildFile; fileRef = D6F1F2951F0F7D9E00A61981 /* utf8.cpp */; };
		D6FBA9501F18A014004BA8BE /* vector2.cpp in Sources */ = {isa = PBXBuildFile; fileRef = D6F1F2971F0F7D9E00A61981 /* vector2.cpp */; };
		D6FBA9511F18A014004BA8BE /* vector3.cpp in Sources */ = {isa = PBXBuildFile; fileRef = D6F1F2991F0F7D9E00A61981 /* vector3.cpp */; };
		D6FBA9521F18A014004BA8BE /* view.cpp in Sources */ = {isa = PBXBuildFile; fileRef = D6F1F29B1F0F7D9E00A61981 /* view.cpp */; };
		D6FBA9531F18A014004BA8BE /* window.cpp in Sources */ = {isa = PBXBuildFile; fileRef = D6F1F29D1F0F7D9E00A61981 /* window.cpp */; };
		D6FBA9541F18A014004BA8BE /* window_root_view.cpp in Sources */ = {isa = PBXBuildFile; fileRef = D6E246E61F172F920004F947 /* window_root_view.cpp */; };
/* End PBXBuildFile section */

/* Begin PBXFileReference section */
		D603008D1EFAE98E006D0A9D /* unicode_util.h */ = {isa = PBXFileReference; fileEncoding = 4; lastKnownFileType = sourcecode.c.h; path = unicode_util.h; sourceTree = "<group>"; };
		D6079AC01F18C41F005316D3 /* application_object.cpp */ = {isa = PBXFileReference; lastKnownFileType = sourcecode.cpp.cpp; path = application_object.cpp; sourceTree = "<group>"; };
		D6079AC11F18C41F005316D3 /* application_object.h */ = {isa = PBXFileReference; lastKnownFileType = sourcecode.c.h; path = application_object.h; sourceTree = "<group>"; };
		D6079AC41F193023005316D3 /* char_event.cpp */ = {isa = PBXFileReference; lastKnownFileType = sourcecode.cpp.cpp; path = char_event.cpp; sourceTree = "<group>"; };
		D6079AC51F193023005316D3 /* char_event.h */ = {isa = PBXFileReference; lastKnownFileType = sourcecode.c.h; path = char_event.h; sourceTree = "<group>"; };
		D6079ACB1F1A66ED005316D3 /* scroll_event.cpp */ = {isa = PBXFileReference; lastKnownFileType = sourcecode.cpp.cpp; path = scroll_event.cpp; sourceTree = "<group>"; };
		D6079ACC1F1A66ED005316D3 /* scroll_event.h */ = {isa = PBXFileReference; lastKnownFileType = sourcecode.c.h; path = scroll_event.h; sourceTree = "<group>"; };
		D6123EB61F205D0700C5CBF6 /* scroll_view.cpp */ = {isa = PBXFileReference; lastKnownFileType = sourcecode.cpp.cpp; path = scroll_view.cpp; sourceTree = "<group>"; };
		D6123EB71F205D0700C5CBF6 /* scroll_view.h */ = {isa = PBXFileReference; lastKnownFileType = sourcecode.c.h; path = scroll_view.h; sourceTree = "<group>"; };
		D639A0491F0D5FAC0059B6BA /* table_dimension.h */ = {isa = PBXFileReference; fileEncoding = 4; lastKnownFileType = sourcecode.c.h; path = table_dimension.h; sourceTree = "<group>"; };
		D639A04D1F0E70D20059B6BA /* text_box.h */ = {isa = PBXFileReference; fileEncoding = 4; lastKnownFileType = sourcecode.c.h; path = text_box.h; sourceTree = "<group>"; };
		D639A05E1F0FCEE30059B6BA /* string_slice.h */ = {isa = PBXFileReference; fileEncoding = 4; lastKnownFileType = sourcecode.c.h; path = string_slice.h; sourceTree = "<group>"; };
		D639A0611F0FD96C0059B6BA /* text_draw_info.cpp */ = {isa = PBXFileReference; fileEncoding = 4; lastKnownFileType = sourcecode.cpp.cpp; path = text_draw_info.cpp; sourceTree = "<group>"; };
		D639A0621F0FD96C0059B6BA /* text_draw_info.h */ = {isa = PBXFileReference; fileEncoding = 4; lastKnownFileType = sourcecode.c.h; path = text_draw_info.h; sourceTree = "<group>"; };
		D639A0651F0FFBFF0059B6BA /* math_inline.h */ = {isa = PBXFileReference; lastKnownFileType = sourcecode.c.h; path = math_inline.h; sourceTree = "<group>"; };
		D678E3A71F053A8700B9A4C0 /* text_draw_layouter.h */ = {isa = PBXFileReference; fileEncoding = 4; lastKnownFileType = sourcecode.c.h; path = text_draw_layouter.h; sourceTree = "<group>"; };
		D6860C371F14C32E00ED2230 /* mouse_event.cpp */ = {isa = PBXFileReference; lastKnownFileType = sourcecode.cpp.cpp; path = mouse_event.cpp; sourceTree = "<group>"; };
		D6860C381F14C32E00ED2230 /* mouse_event.h */ = {isa = PBXFileReference; lastKnownFileType = sourcecode.c.h; path = mouse_event.h; sourceTree = "<group>"; };
		D6C3F6AA1E99AAB50020D65A /* liboliview.a */ = {isa = PBXFileReference; explicitFileType = archive.ar; includeInIndex = 0; path = liboliview.a; sourceTree = BUILT_PRODUCTS_DIR; };
		D6C3F7331E9D29D90020D65A /* glfw3.h */ = {isa = PBXFileReference; fileEncoding = 4; lastKnownFileType = sourcecode.c.h; path = glfw3.h; sourceTree = "<group>"; };
		D6C3F7341E9D29D90020D65A /* glfw3native.h */ = {isa = PBXFileReference; fileEncoding = 4; lastKnownFileType = sourcecode.c.h; path = glfw3native.h; sourceTree = "<group>"; };
		D6C3F73D1E9D29F70020D65A /* fontstash.h */ = {isa = PBXFileReference; fileEncoding = 4; lastKnownFileType = sourcecode.c.h; path = fontstash.h; sourceTree = "<group>"; };
		D6C3F73E1E9D29F70020D65A /* nanovg.h */ = {isa = PBXFileReference; fileEncoding = 4; lastKnownFileType = sourcecode.c.h; path = nanovg.h; sourceTree = "<group>"; };
		D6C3F73F1E9D29F70020D65A /* nanovg_gl.h */ = {isa = PBXFileReference; fileEncoding = 4; lastKnownFileType = sourcecode.c.h; path = nanovg_gl.h; sourceTree = "<group>"; };
		D6C3F7401E9D29F70020D65A /* nanovg_gl_utils.h */ = {isa = PBXFileReference; fileEncoding = 4; lastKnownFileType = sourcecode.c.h; path = nanovg_gl_utils.h; sourceTree = "<group>"; };
		D6C3F7411E9D29F70020D65A /* stb_image.h */ = {isa = PBXFileReference; fileEncoding = 4; lastKnownFileType = sourcecode.c.h; path = stb_image.h; sourceTree = "<group>"; };
		D6C3F7421E9D29F70020D65A /* stb_truetype.h */ = {isa = PBXFileReference; fileEncoding = 4; lastKnownFileType = sourcecode.c.h; path = stb_truetype.h; sourceTree = "<group>"; };
		D6D33E601F13C20C00A12F92 /* text_line_reader.cpp */ = {isa = PBXFileReference; fileEncoding = 4; lastKnownFileType = sourcecode.cpp.cpp; path = text_line_reader.cpp; sourceTree = "<group>"; };
		D6D33E611F13C20C00A12F92 /* text_line_reader.h */ = {isa = PBXFileReference; fileEncoding = 4; lastKnownFileType = sourcecode.c.h; path = text_line_reader.h; sourceTree = "<group>"; };
		D6E246E21F1726990004F947 /* key_event.cpp */ = {isa = PBXFileReference; lastKnownFileType = sourcecode.cpp.cpp; path = key_event.cpp; sourceTree = "<group>"; };
		D6E246E31F1726990004F947 /* key_event.h */ = {isa = PBXFileReference; lastKnownFileType = sourcecode.c.h; path = key_event.h; sourceTree = "<group>"; };
		D6E246E61F172F920004F947 /* window_root_view.cpp */ = {isa = PBXFileReference; lastKnownFileType = sourcecode.cpp.cpp; path = window_root_view.cpp; sourceTree = "<group>"; };
		D6E246E71F172F920004F947 /* window_root_view.h */ = {isa = PBXFileReference; lastKnownFileType = sourcecode.c.h; path = window_root_view.h; sourceTree = "<group>"; };
		D6F1F2631F0F4D9400A61981 /* text.h */ = {isa = PBXFileReference; fileEncoding = 4; lastKnownFileType = sourcecode.c.h; path = text.h; sourceTree = "<group>"; };
		D6F1F2681F0F646D00A61981 /* utf8.h */ = {isa = PBXFileReference; fileEncoding = 4; lastKnownFileType = sourcecode.c.h; path = utf8.h; sourceTree = "<group>"; };
		D6F1F26B1F0F7D9E00A61981 /* application.cpp */ = {isa = PBXFileReference; fileEncoding = 4; lastKnownFileType = sourcecode.cpp.cpp; path = application.cpp; sourceTree = "<group>"; };
		D6F1F26C1F0F7D9E00A61981 /* application.h */ = {isa = PBXFileReference; fileEncoding = 4; lastKnownFileType = sourcecode.c.h; path = application.h; sourceTree = "<group>"; };
		D6F1F26D1F0F7D9E00A61981 /* color.cpp */ = {isa = PBXFileReference; fileEncoding = 4; lastKnownFileType = sourcecode.cpp.cpp; path = color.cpp; sourceTree = "<group>"; };
		D6F1F26E1F0F7D9E00A61981 /* color.h */ = {isa = PBXFileReference; fileEncoding = 4; lastKnownFileType = sourcecode.c.h; path = color.h; sourceTree = "<group>"; };
		D6F1F26F1F0F7D9E00A61981 /* dependency.h */ = {isa = PBXFileReference; fileEncoding = 4; lastKnownFileType = sourcecode.c.h; path = dependency.h; sourceTree = "<group>"; };
		D6F1F2701F0F7D9E00A61981 /* font_manager.cpp */ = {isa = PBXFileReference; fileEncoding = 4; lastKnownFileType = sourcecode.cpp.cpp; path = font_manager.cpp; sourceTree = "<group>"; };
		D6F1F2711F0F7D9E00A61981 /* font_manager.h */ = {isa = PBXFileReference; fileEncoding = 4; lastKnownFileType = sourcecode.c.h; path = font_manager.h; sourceTree = "<group>"; };
		D6F1F2721F0F7D9E00A61981 /* font.cpp */ = {isa = PBXFileReference; fileEncoding = 4; lastKnownFileType = sourcecode.cpp.cpp; path = font.cpp; sourceTree = "<group>"; };
		D6F1F2731F0F7D9E00A61981 /* font.h */ = {isa = PBXFileReference; fileEncoding = 4; lastKnownFileType = sourcecode.c.h; path = font.h; sourceTree = "<group>"; };
		D6F1F2741F0F7D9E00A61981 /* gl_assert.cpp */ = {isa = PBXFileReference; fileEncoding = 4; lastKnownFileType = sourcecode.cpp.cpp; path = gl_assert.cpp; sourceTree = "<group>"; };
		D6F1F2751F0F7D9E00A61981 /* gl_assert.h */ = {isa = PBXFileReference; fileEncoding = 4; lastKnownFileType = sourcecode.c.h; path = gl_assert.h; sourceTree = "<group>"; };
		D6F1F2761F0F7D9E00A61981 /* grid_layouter.cpp */ = {isa = PBXFileReference; fileEncoding = 4; lastKnownFileType = sourcecode.cpp.cpp; path = grid_layouter.cpp; sourceTree = "<group>"; };
		D6F1F2771F0F7D9E00A61981 /* grid_layouter.h */ = {isa = PBXFileReference; fileEncoding = 4; lastKnownFileType = sourcecode.c.h; path = grid_layouter.h; sourceTree = "<group>"; };
		D6F1F2781F0F7D9E00A61981 /* init_macro.h */ = {isa = PBXFileReference; fileEncoding = 4; lastKnownFileType = sourcecode.c.h; path = init_macro.h; sourceTree = "<group>"; };
		D6F1F2791F0F7D9E00A61981 /* label.cpp */ = {isa = PBXFileReference; fileEncoding = 4; lastKnownFileType = sourcecode.cpp.cpp; path = label.cpp; sourceTree = "<group>"; };
		D6F1F27A1F0F7D9E00A61981 /* label.h */ = {isa = PBXFileReference; fileEncoding = 4; lastKnownFileType = sourcecode.c.h; path = label.h; sourceTree = "<group>"; };
		D6F1F27B1F0F7D9E00A61981 /* layouter.cpp */ = {isa = PBXFileReference; fileEncoding = 4; lastKnownFileType = sourcecode.cpp.cpp; path = layouter.cpp; sourceTree = "<group>"; };
		D6F1F27C1F0F7D9E00A61981 /* layouter.h */ = {isa = PBXFileReference; fileEncoding = 4; lastKnownFileType = sourcecode.c.h; path = layouter.h; sourceTree = "<group>"; };
		D6F1F27D1F0F7D9E00A61981 /* math.cpp */ = {isa = PBXFileReference; fileEncoding = 4; lastKnownFileType = sourcecode.cpp.cpp; path = math.cpp; sourceTree = "<group>"; };
		D6F1F27E1F0F7D9E00A61981 /* math.h */ = {isa = PBXFileReference; fileEncoding = 4; lastKnownFileType = sourcecode.c.h; path = math.h; sourceTree = "<group>"; };
		D6F1F27F1F0F7D9E00A61981 /* matrix3x3.cpp */ = {isa = PBXFileReference; fileEncoding = 4; lastKnownFileType = sourcecode.cpp.cpp; path = matrix3x3.cpp; sourceTree = "<group>"; };
		D6F1F2801F0F7D9E00A61981 /* matrix3x3.h */ = {isa = PBXFileReference; fileEncoding = 4; lastKnownFileType = sourcecode.c.h; path = matrix3x3.h; sourceTree = "<group>"; };
		D6F1F2811F0F7D9E00A61981 /* measure_query.cpp */ = {isa = PBXFileReference; fileEncoding = 4; lastKnownFileType = sourcecode.cpp.cpp; path = measure_query.cpp; sourceTree = "<group>"; };
		D6F1F2821F0F7D9E00A61981 /* measure_query.h */ = {isa = PBXFileReference; fileEncoding = 4; lastKnownFileType = sourcecode.c.h; path = measure_query.h; sourceTree = "<group>"; };
		D6F1F2831F0F7D9E00A61981 /* nanovg_gl_impl.cpp */ = {isa = PBXFileReference; fileEncoding = 4; lastKnownFileType = sourcecode.cpp.cpp; path = nanovg_gl_impl.cpp; sourceTree = "<group>"; };
		D6F1F2841F0F7D9E00A61981 /* nanovg_util.cpp */ = {isa = PBXFileReference; fileEncoding = 4; lastKnownFileType = sourcecode.cpp.cpp; path = nanovg_util.cpp; sourceTree = "<group>"; };
		D6F1F2851F0F7D9E00A61981 /* nanovg_util.h */ = {isa = PBXFileReference; fileEncoding = 4; lastKnownFileType = sourcecode.c.h; path = nanovg_util.h; sourceTree = "<group>"; };
		D6F1F2861F0F7D9E00A61981 /* oliview.h */ = {isa = PBXFileReference; fileEncoding = 4; lastKnownFileType = sourcecode.c.h; path = oliview.h; sourceTree = "<group>"; };
		D6F1F2871F0F7D9E00A61981 /* rect.cpp */ = {isa = PBXFileReference; fileEncoding = 4; lastKnownFileType = sourcecode.cpp.cpp; path = rect.cpp; sourceTree = "<group>"; };
		D6F1F2881F0F7D9E00A61981 /* rect.h */ = {isa = PBXFileReference; fileEncoding = 4; lastKnownFileType = sourcecode.c.h; path = rect.h; sourceTree = "<group>"; };
		D6F1F2891F0F7D9E00A61981 /* size.cpp */ = {isa = PBXFileReference; fileEncoding = 4; lastKnownFileType = sourcecode.cpp.cpp; path = size.cpp; sourceTree = "<group>"; };
		D6F1F28A1F0F7D9E00A61981 /* size.h */ = {isa = PBXFileReference; fileEncoding = 4; lastKnownFileType = sourcecode.c.h; path = size.h; sourceTree = "<group>"; };
		D6F1F28B1F0F7D9E00A61981 /* table_dimension.cpp */ = {isa = PBXFileReference; fileEncoding = 4; lastKnownFileType = sourcecode.cpp.cpp; path = table_dimension.cpp; sourceTree = "<group>"; };
		D6F1F28C1F0F7D9E00A61981 /* table_dimension.h */ = {isa = PBXFileReference; fileEncoding = 4; lastKnownFileType = sourcecode.c.h; path = table_dimension.h; sourceTree = "<group>"; };
		D6F1F28D1F0F7D9E00A61981 /* text_box.cpp */ = {isa = PBXFileReference; fileEncoding = 4; lastKnownFileType = sourcecode.cpp.cpp; path = text_box.cpp; sourceTree = "<group>"; };
		D6F1F28E1F0F7D9E00A61981 /* text_box.h */ = {isa = PBXFileReference; fileEncoding = 4; lastKnownFileType = sourcecode.c.h; path = text_box.h; sourceTree = "<group>"; };
		D6F1F28F1F0F7D9E00A61981 /* text_draw_layouter.cpp */ = {isa = PBXFileReference; fileEncoding = 4; lastKnownFileType = sourcecode.cpp.cpp; path = text_draw_layouter.cpp; sourceTree = "<group>"; };
		D6F1F2901F0F7D9E00A61981 /* text_draw_layouter.h */ = {isa = PBXFileReference; fileEncoding = 4; lastKnownFileType = sourcecode.c.h; path = text_draw_layouter.h; sourceTree = "<group>"; };
		D6F1F2911F0F7D9E00A61981 /* text.cpp */ = {isa = PBXFileReference; fileEncoding = 4; lastKnownFileType = sourcecode.cpp.cpp; path = text.cpp; sourceTree = "<group>"; };
		D6F1F2921F0F7D9E00A61981 /* text.h */ = {isa = PBXFileReference; fileEncoding = 4; lastKnownFileType = sourcecode.c.h; path = text.h; sourceTree = "<group>"; };
		D6F1F2951F0F7D9E00A61981 /* utf8.cpp */ = {isa = PBXFileReference; fileEncoding = 4; lastKnownFileType = sourcecode.cpp.cpp; path = utf8.cpp; sourceTree = "<group>"; };
		D6F1F2961F0F7D9E00A61981 /* utf8.h */ = {isa = PBXFileReference; fileEncoding = 4; lastKnownFileType = sourcecode.c.h; path = utf8.h; sourceTree = "<group>"; };
		D6F1F2971F0F7D9E00A61981 /* vector2.cpp */ = {isa = PBXFileReference; fileEncoding = 4; lastKnownFileType = sourcecode.cpp.cpp; path = vector2.cpp; sourceTree = "<group>"; };
		D6F1F2981F0F7D9E00A61981 /* vector2.h */ = {isa = PBXFileReference; fileEncoding = 4; lastKnownFileType = sourcecode.c.h; path = vector2.h; sourceTree = "<group>"; };
		D6F1F2991F0F7D9E00A61981 /* vector3.cpp */ = {isa = PBXFileReference; fileEncoding = 4; lastKnownFileType = sourcecode.cpp.cpp; path = vector3.cpp; sourceTree = "<group>"; };
		D6F1F29A1F0F7D9E00A61981 /* vector3.h */ = {isa = PBXFileReference; fileEncoding = 4; lastKnownFileType = sourcecode.c.h; path = vector3.h; sourceTree = "<group>"; };
		D6F1F29B1F0F7D9E00A61981 /* view.cpp */ = {isa = PBXFileReference; fileEncoding = 4; lastKnownFileType = sourcecode.cpp.cpp; path = view.cpp; sourceTree = "<group>"; };
		D6F1F29C1F0F7D9E00A61981 /* view.h */ = {isa = PBXFileReference; fileEncoding = 4; lastKnownFileType = sourcecode.c.h; path = view.h; sourceTree = "<group>"; };
		D6F1F29D1F0F7D9E00A61981 /* window.cpp */ = {isa = PBXFileReference; fileEncoding = 4; lastKnownFileType = sourcecode.cpp.cpp; path = window.cpp; sourceTree = "<group>"; };
		D6F1F29E1F0F7D9E00A61981 /* window.h */ = {isa = PBXFileReference; fileEncoding = 4; lastKnownFileType = sourcecode.c.h; path = window.h; sourceTree = "<group>"; };
		D6F560A31F1CF093009389FD /* edge_inset.cpp */ = {isa = PBXFileReference; lastKnownFileType = sourcecode.cpp.cpp; path = edge_inset.cpp; sourceTree = "<group>"; };
		D6F560A41F1CF093009389FD /* edge_inset.h */ = {isa = PBXFileReference; lastKnownFileType = sourcecode.c.h; path = edge_inset.h; sourceTree = "<group>"; };
		D6F560A71F1E3776009389FD /* scroll_bar.cpp */ = {isa = PBXFileReference; lastKnownFileType = sourcecode.cpp.cpp; path = scroll_bar.cpp; sourceTree = "<group>"; };
		D6F560A81F1E3776009389FD /* scroll_bar.h */ = {isa = PBXFileReference; lastKnownFileType = sourcecode.c.h; path = scroll_bar.h; sourceTree = "<group>"; };
		D6F560AB1F1E38EA009389FD /* axis.cpp */ = {isa = PBXFileReference; lastKnownFileType = sourcecode.cpp.cpp; path = axis.cpp; sourceTree = "<group>"; };
		D6F560AC1F1E38EA009389FD /* axis.h */ = {isa = PBXFileReference; lastKnownFileType = sourcecode.c.h; path = axis.h; sourceTree = "<group>"; };
		D6FBA9371F189C97004BA8BE /* string_slice_inline.h */ = {isa = PBXFileReference; lastKnownFileType = sourcecode.c.h; path = string_slice_inline.h; sourceTree = "<group>"; };
/* End PBXFileReference section */

/* Begin PBXFrameworksBuildPhase section */
		D6C3F6A71E99AAB50020D65A /* Frameworks */ = {
			isa = PBXFrameworksBuildPhase;
			buildActionMask = 2147483647;
			files = (
			);
			runOnlyForDeploymentPostprocessing = 0;
		};
/* End PBXFrameworksBuildPhase section */

/* Begin PBXGroup section */
		D6860C361F14B54200ED2230 /* Recovered References */ = {
			isa = PBXGroup;
			children = (
				D603008D1EFAE98E006D0A9D /* unicode_util.h */,
				D6F1F2631F0F4D9400A61981 /* text.h */,
				D6F1F2681F0F646D00A61981 /* utf8.h */,
				D639A04D1F0E70D20059B6BA /* text_box.h */,
				D639A0491F0D5FAC0059B6BA /* table_dimension.h */,
				D678E3A71F053A8700B9A4C0 /* text_draw_layouter.h */,
			);
			name = "Recovered References";
			sourceTree = "<group>";
		};
		D6C3F6A11E99AAB50020D65A = {
			isa = PBXGroup;
			children = (
				D6C3F72F1E9D29AA0020D65A /* ext */,
				D6C3F6D51E99FEE20020D65A /* src */,
				D6C3F6AB1E99AAB50020D65A /* Products */,
				D6860C361F14B54200ED2230 /* Recovered References */,
			);
			sourceTree = "<group>";
		};
		D6C3F6AB1E99AAB50020D65A /* Products */ = {
			isa = PBXGroup;
			children = (
				D6C3F6AA1E99AAB50020D65A /* liboliview.a */,
			);
			name = Products;
			sourceTree = "<group>";
		};
		D6C3F6D51E99FEE20020D65A /* src */ = {
			isa = PBXGroup;
			children = (
				D6C3F6D71E99FF090020D65A /* oliview */,
			);
			name = src;
			path = ../../src;
			sourceTree = "<group>";
		};
		D6C3F6D71E99FF090020D65A /* oliview */ = {
			isa = PBXGroup;
			children = (
				D6F1F26B1F0F7D9E00A61981 /* application.cpp */,
				D6F1F26C1F0F7D9E00A61981 /* application.h */,
				D6079AC01F18C41F005316D3 /* application_object.cpp */,
				D6079AC11F18C41F005316D3 /* application_object.h */,
				D6F560AB1F1E38EA009389FD /* axis.cpp */,
				D6F560AC1F1E38EA009389FD /* axis.h */,
				D6079AC41F193023005316D3 /* char_event.cpp */,
				D6079AC51F193023005316D3 /* char_event.h */,
				D6F1F26D1F0F7D9E00A61981 /* color.cpp */,
				D6F1F26E1F0F7D9E00A61981 /* color.h */,
				D6F1F26F1F0F7D9E00A61981 /* dependency.h */,
				D6F560A41F1CF093009389FD /* edge_inset.h */,
				D6F560A31F1CF093009389FD /* edge_inset.cpp */,
				D6F1F2721F0F7D9E00A61981 /* font.cpp */,
				D6F1F2731F0F7D9E00A61981 /* font.h */,
				D6F1F2701F0F7D9E00A61981 /* font_manager.cpp */,
				D6F1F2711F0F7D9E00A61981 /* font_manager.h */,
				D6F1F2741F0F7D9E00A61981 /* gl_assert.cpp */,
				D6F1F2751F0F7D9E00A61981 /* gl_assert.h */,
				D6F1F2761F0F7D9E00A61981 /* grid_layouter.cpp */,
				D6F1F2771F0F7D9E00A61981 /* grid_layouter.h */,
				D6F1F2781F0F7D9E00A61981 /* init_macro.h */,
				D6E246E21F1726990004F947 /* key_event.cpp */,
				D6E246E31F1726990004F947 /* key_event.h */,
				D6F1F2791F0F7D9E00A61981 /* label.cpp */,
				D6F1F27A1F0F7D9E00A61981 /* label.h */,
				D6F1F27B1F0F7D9E00A61981 /* layouter.cpp */,
				D6F1F27C1F0F7D9E00A61981 /* layouter.h */,
				D6F1F27D1F0F7D9E00A61981 /* math.cpp */,
				D6F1F27E1F0F7D9E00A61981 /* math.h */,
				D639A0651F0FFBFF0059B6BA /* math_inline.h */,
				D6F1F27F1F0F7D9E00A61981 /* matrix3x3.cpp */,
				D6F1F2801F0F7D9E00A61981 /* matrix3x3.h */,
				D6F1F2811F0F7D9E00A61981 /* measure_query.cpp */,
				D6F1F2821F0F7D9E00A61981 /* measure_query.h */,
				D6860C371F14C32E00ED2230 /* mouse_event.cpp */,
				D6860C381F14C32E00ED2230 /* mouse_event.h */,
				D6F1F2831F0F7D9E00A61981 /* nanovg_gl_impl.cpp */,
				D6F1F2841F0F7D9E00A61981 /* nanovg_util.cpp */,
				D6F1F2851F0F7D9E00A61981 /* nanovg_util.h */,
				D6F1F2861F0F7D9E00A61981 /* oliview.h */,
				D6F1F2871F0F7D9E00A61981 /* rect.cpp */,
				D6F1F2881F0F7D9E00A61981 /* rect.h */,
				D6F560A71F1E3776009389FD /* scroll_bar.cpp */,
				D6F560A81F1E3776009389FD /* scroll_bar.h */,
				D6079ACB1F1A66ED005316D3 /* scroll_event.cpp */,
				D6079ACC1F1A66ED005316D3 /* scroll_event.h */,
				D6123EB61F205D0700C5CBF6 /* scroll_view.cpp */,
				D6123EB71F205D0700C5CBF6 /* scroll_view.h */,
				D6F1F2891F0F7D9E00A61981 /* size.cpp */,
				D6F1F28A1F0F7D9E00A61981 /* size.h */,
				D639A05E1F0FCEE30059B6BA /* string_slice.h */,
				D6FBA9371F189C97004BA8BE /* string_slice_inline.h */,
				D6F1F28B1F0F7D9E00A61981 /* table_dimension.cpp */,
				D6F1F28C1F0F7D9E00A61981 /* table_dimension.h */,
				D6F1F2911F0F7D9E00A61981 /* text.cpp */,
				D6F1F2921F0F7D9E00A61981 /* text.h */,
				D6F1F28D1F0F7D9E00A61981 /* text_box.cpp */,
				D6F1F28E1F0F7D9E00A61981 /* text_box.h */,
				D639A0611F0FD96C0059B6BA /* text_draw_info.cpp */,
				D639A0621F0FD96C0059B6BA /* text_draw_info.h */,
				D6F1F28F1F0F7D9E00A61981 /* text_draw_layouter.cpp */,
				D6F1F2901F0F7D9E00A61981 /* text_draw_layouter.h */,
				D6D33E601F13C20C00A12F92 /* text_line_reader.cpp */,
				D6D33E611F13C20C00A12F92 /* text_line_reader.h */,
				D6F1F2951F0F7D9E00A61981 /* utf8.cpp */,
				D6F1F2961F0F7D9E00A61981 /* utf8.h */,
				D6F1F2971F0F7D9E00A61981 /* vector2.cpp */,
				D6F1F2981F0F7D9E00A61981 /* vector2.h */,
				D6F1F2991F0F7D9E00A61981 /* vector3.cpp */,
				D6F1F29A1F0F7D9E00A61981 /* vector3.h */,
				D6F1F29B1F0F7D9E00A61981 /* view.cpp */,
				D6F1F29C1F0F7D9E00A61981 /* view.h */,
				D6F1F29D1F0F7D9E00A61981 /* window.cpp */,
				D6F1F29E1F0F7D9E00A61981 /* window.h */,
				D6E246E61F172F920004F947 /* window_root_view.cpp */,
				D6E246E71F172F920004F947 /* window_root_view.h */,
			);
			path = oliview;
			sourceTree = "<group>";
		};
		D6C3F72F1E9D29AA0020D65A /* ext */ = {
			isa = PBXGroup;
			children = (
				D6C3F7301E9D29B60020D65A /* glfw */,
				D6C3F73B1E9D29F70020D65A /* nanovg */,
			);
			name = ext;
			path = ../../ext;
			sourceTree = "<group>";
		};
		D6C3F7301E9D29B60020D65A /* glfw */ = {
			isa = PBXGroup;
			children = (
				D6C3F7311E9D29D90020D65A /* include */,
			);
			path = glfw;
			sourceTree = "<group>";
		};
		D6C3F7311E9D29D90020D65A /* include */ = {
			isa = PBXGroup;
			children = (
				D6C3F7321E9D29D90020D65A /* GLFW */,
			);
			path = include;
			sourceTree = "<group>";
		};
		D6C3F7321E9D29D90020D65A /* GLFW */ = {
			isa = PBXGroup;
			children = (
				D6C3F7331E9D29D90020D65A /* glfw3.h */,
				D6C3F7341E9D29D90020D65A /* glfw3native.h */,
			);
			path = GLFW;
			sourceTree = "<group>";
		};
		D6C3F73B1E9D29F70020D65A /* nanovg */ = {
			isa = PBXGroup;
			children = (
				D6C3F73C1E9D29F70020D65A /* include */,
			);
			path = nanovg;
			sourceTree = "<group>";
		};
		D6C3F73C1E9D29F70020D65A /* include */ = {
			isa = PBXGroup;
			children = (
				D6C3F73D1E9D29F70020D65A /* fontstash.h */,
				D6C3F73E1E9D29F70020D65A /* nanovg.h */,
				D6C3F73F1E9D29F70020D65A /* nanovg_gl.h */,
				D6C3F7401E9D29F70020D65A /* nanovg_gl_utils.h */,
				D6C3F7411E9D29F70020D65A /* stb_image.h */,
				D6C3F7421E9D29F70020D65A /* stb_truetype.h */,
			);
			path = include;
			sourceTree = "<group>";
		};
/* End PBXGroup section */

/* Begin PBXHeadersBuildPhase section */
		D6C3F6A81E99AAB50020D65A /* Headers */ = {
			isa = PBXHeadersBuildPhase;
			buildActionMask = 2147483647;
			files = (
				D6F560AA1F1E3776009389FD /* scroll_bar.h in Headers */,
				D6F1F2C21F0F7D9E00A61981 /* text_box.h in Headers */,
				D6F1F2CE1F0F7D9E00A61981 /* vector3.h in Headers */,
				D6079ACE1F1A66ED005316D3 /* scroll_event.h in Headers */,
				D6F1F2B21F0F7D9E00A61981 /* math.h in Headers */,
				D6F1F2D21F0F7D9E00A61981 /* window.h in Headers */,
				D60300901EFAE98E006D0A9D /* unicode_util.h in Headers */,
				D6D33E631F13C20C00A12F92 /* text_line_reader.h in Headers */,
				D6F1F2A91F0F7D9E00A61981 /* gl_assert.h in Headers */,
				D6F1F2651F0F4D9400A61981 /* text.h in Headers */,
				D6E246E51F1726990004F947 /* key_event.h in Headers */,
				D6F1F26A1F0F646D00A61981 /* utf8.h in Headers */,
				D6F560A61F1CF093009389FD /* edge_inset.h in Headers */,
				D6F560AE1F1E38EA009389FD /* axis.h in Headers */,
				D6F1F2B91F0F7D9E00A61981 /* nanovg_util.h in Headers */,
				D6F1F2A51F0F7D9E00A61981 /* font_manager.h in Headers */,
				D6123EB91F205D0700C5CBF6 /* scroll_view.h in Headers */,
				D6F1F2B01F0F7D9E00A61981 /* layouter.h in Headers */,
				D6C3F74A1E9D29F70020D65A /* stb_image.h in Headers */,
				D639A0601F0FCEE30059B6BA /* string_slice.h in Headers */,
				D6F1F2C41F0F7D9E00A61981 /* text_draw_layouter.h in Headers */,
				D6F1F2BA1F0F7D9E00A61981 /* oliview.h in Headers */,
				D6E246E91F172F920004F947 /* window_root_view.h in Headers */,
				D6F1F2BC1F0F7D9E00A61981 /* rect.h in Headers */,
				D6860C3A1F14C32E00ED2230 /* mouse_event.h in Headers */,
				D6F1F2D01F0F7D9E00A61981 /* view.h in Headers */,
				D6F1F2B41F0F7D9E00A61981 /* matrix3x3.h in Headers */,
				D6F1F2A01F0F7D9E00A61981 /* application.h in Headers */,
				D6F1F2CC1F0F7D9E00A61981 /* vector2.h in Headers */,
				D6F1F2C61F0F7D9E00A61981 /* text.h in Headers */,
				D6C3F7491E9D29F70020D65A /* nanovg_gl_utils.h in Headers */,
				D6C3F7381E9D29D90020D65A /* glfw3.h in Headers */,
				D6F1F2AB1F0F7D9E00A61981 /* grid_layouter.h in Headers */,
				D6F1F2AE1F0F7D9E00A61981 /* label.h in Headers */,
				D6C3F7461E9D29F70020D65A /* fontstash.h in Headers */,
				D6F1F2AC1F0F7D9E00A61981 /* init_macro.h in Headers */,
				D639A04F1F0E70D20059B6BA /* text_box.h in Headers */,
				D6F1F2C01F0F7D9E00A61981 /* table_dimension.h in Headers */,
				D6079AC71F193023005316D3 /* char_event.h in Headers */,
				D6C3F7471E9D29F70020D65A /* nanovg.h in Headers */,
				D6079AC31F18C41F005316D3 /* application_object.h in Headers */,
				D6C3F7481E9D29F70020D65A /* nanovg_gl.h in Headers */,
				D6F1F2BE1F0F7D9E00A61981 /* size.h in Headers */,
				D6C3F74B1E9D29F70020D65A /* stb_truetype.h in Headers */,
				D6F1F2CA1F0F7D9E00A61981 /* utf8.h in Headers */,
				D6F1F2A21F0F7D9E00A61981 /* color.h in Headers */,
				D6F1F2B61F0F7D9E00A61981 /* measure_query.h in Headers */,
				D6F1F2A71F0F7D9E00A61981 /* font.h in Headers */,
				D639A04B1F0D5FAC0059B6BA /* table_dimension.h in Headers */,
				D678E3A91F053A8700B9A4C0 /* text_draw_layouter.h in Headers */,
				D6C3F7391E9D29D90020D65A /* glfw3native.h in Headers */,
				D6F1F2A31F0F7D9E00A61981 /* dependency.h in Headers */,
				D639A0641F0FD96C0059B6BA /* text_draw_info.h in Headers */,
			);
			runOnlyForDeploymentPostprocessing = 0;
		};
/* End PBXHeadersBuildPhase section */

/* Begin PBXNativeTarget section */
		D6C3F6A91E99AAB50020D65A /* oliview */ = {
			isa = PBXNativeTarget;
			buildConfigurationList = D6C3F6B51E99AAB50020D65A /* Build configuration list for PBXNativeTarget "oliview" */;
			buildPhases = (
				D6C3F6A61E99AAB50020D65A /* Sources */,
				D6C3F6A71E99AAB50020D65A /* Frameworks */,
				D6C3F6A81E99AAB50020D65A /* Headers */,
			);
			buildRules = (
			);
			dependencies = (
			);
			name = oliview;
			productName = oliview;
			productReference = D6C3F6AA1E99AAB50020D65A /* liboliview.a */;
			productType = "com.apple.product-type.library.static";
		};
/* End PBXNativeTarget section */

/* Begin PBXProject section */
		D6C3F6A21E99AAB50020D65A /* Project object */ = {
			isa = PBXProject;
			attributes = {
				LastUpgradeCheck = 0900;
				ORGANIZATIONNAME = omochimetaru;
				TargetAttributes = {
					D6C3F6A91E99AAB50020D65A = {
						CreatedOnToolsVersion = 8.3;
						ProvisioningStyle = Automatic;
					};
				};
			};
			buildConfigurationList = D6C3F6A51E99AAB50020D65A /* Build configuration list for PBXProject "oliview" */;
			compatibilityVersion = "Xcode 3.2";
			developmentRegion = English;
			hasScannedForEncodings = 0;
			knownRegions = (
				en,
			);
			mainGroup = D6C3F6A11E99AAB50020D65A;
			productRefGroup = D6C3F6AB1E99AAB50020D65A /* Products */;
			projectDirPath = "";
			projectRoot = "";
			targets = (
				D6C3F6A91E99AAB50020D65A /* oliview */,
			);
		};
/* End PBXProject section */

/* Begin PBXSourcesBuildPhase section */
		D6C3F6A61E99AAB50020D65A /* Sources */ = {
			isa = PBXSourcesBuildPhase;
			buildActionMask = 2147483647;
			files = (
				D6FBA9381F18A014004BA8BE /* application.cpp in Sources */,
				D6FBA9391F18A014004BA8BE /* color.cpp in Sources */,
				D6FBA93A1F18A014004BA8BE /* font.cpp in Sources */,
				D6FBA93B1F18A014004BA8BE /* font_manager.cpp in Sources */,
				D6FBA93C1F18A014004BA8BE /* gl_assert.cpp in Sources */,
				D6FBA93D1F18A014004BA8BE /* grid_layouter.cpp in Sources */,
				D6FBA93E1F18A014004BA8BE /* key_event.cpp in Sources */,
				D6FBA93F1F18A014004BA8BE /* label.cpp in Sources */,
				D6FBA9401F18A014004BA8BE /* layouter.cpp in Sources */,
				D6FBA9411F18A014004BA8BE /* math.cpp in Sources */,
				D6FBA9421F18A014004BA8BE /* matrix3x3.cpp in Sources */,
				D6FBA9431F18A014004BA8BE /* measure_query.cpp in Sources */,
				D6FBA9441F18A014004BA8BE /* mouse_event.cpp in Sources */,
				D6F560AD1F1E38EA009389FD /* axis.cpp in Sources */,
				D6FBA9451F18A014004BA8BE /* nanovg_gl_impl.cpp in Sources */,
				D6FBA9461F18A014004BA8BE /* nanovg_util.cpp in Sources */,
				D6FBA9471F18A014004BA8BE /* rect.cpp in Sources */,
				D6FBA9481F18A014004BA8BE /* size.cpp in Sources */,
				D6079ACD1F1A66ED005316D3 /* scroll_event.cpp in Sources */,
				D6079AC21F18C41F005316D3 /* application_object.cpp in Sources */,
				D6FBA9491F18A014004BA8BE /* table_dimension.cpp in Sources */,
				D6FBA94A1F18A014004BA8BE /* text.cpp in Sources */,
				D6FBA94B1F18A014004BA8BE /* text_box.cpp in Sources */,
				D6079AC61F193023005316D3 /* char_event.cpp in Sources */,
				D6FBA94C1F18A014004BA8BE /* text_draw_info.cpp in Sources */,
				D6F560A91F1E3776009389FD /* scroll_bar.cpp in Sources */,
				D6FBA94D1F18A014004BA8BE /* text_draw_layouter.cpp in Sources */,
				D6FBA94E1F18A014004BA8BE /* text_line_reader.cpp in Sources */,
				D6FBA94F1F18A014004BA8BE /* utf8.cpp in Sources */,
				D6FBA9501F18A014004BA8BE /* vector2.cpp in Sources */,
				D6FBA9511F18A014004BA8BE /* vector3.cpp in Sources */,
				D6FBA9521F18A014004BA8BE /* view.cpp in Sources */,
				D6F560A51F1CF093009389FD /* edge_inset.cpp in Sources */,
				D6123EB81F205D0700C5CBF6 /* scroll_view.cpp in Sources */,
				D6FBA9531F18A014004BA8BE /* window.cpp in Sources */,
				D6FBA9541F18A014004BA8BE /* window_root_view.cpp in Sources */,
			);
			runOnlyForDeploymentPostprocessing = 0;
		};
/* End PBXSourcesBuildPhase section */

/* Begin XCBuildConfiguration section */
		D6C3F6B31E99AAB50020D65A /* Debug */ = {
			isa = XCBuildConfiguration;
			buildSettings = {
				ALWAYS_SEARCH_USER_PATHS = NO;
				CLANG_ANALYZER_NONNULL = YES;
				CLANG_ANALYZER_NUMBER_OBJECT_CONVERSION = YES_AGGRESSIVE;
				CLANG_CXX_LANGUAGE_STANDARD = "gnu++14";
				CLANG_CXX_LIBRARY = "libc++";
				CLANG_ENABLE_MODULES = YES;
				CLANG_ENABLE_OBJC_ARC = YES;
				CLANG_WARN_ASSIGN_ENUM = YES;
				CLANG_WARN_BLOCK_CAPTURE_AUTORELEASING = YES;
				CLANG_WARN_BOOL_CONVERSION = YES;
				CLANG_WARN_COMMA = YES;
				CLANG_WARN_CONSTANT_CONVERSION = YES;
				CLANG_WARN_CXX0X_EXTENSIONS = YES;
				CLANG_WARN_DIRECT_OBJC_ISA_USAGE = YES_ERROR;
				CLANG_WARN_DOCUMENTATION_COMMENTS = YES;
				CLANG_WARN_EMPTY_BODY = YES;
				CLANG_WARN_ENUM_CONVERSION = YES;
				CLANG_WARN_IMPLICIT_SIGN_CONVERSION = YES;
				CLANG_WARN_INFINITE_RECURSION = YES;
				CLANG_WARN_INT_CONVERSION = YES;
				CLANG_WARN_OBJC_ROOT_CLASS = YES_ERROR;
				CLANG_WARN_RANGE_LOOP_ANALYSIS = YES;
				CLANG_WARN_STRICT_PROTOTYPES = YES;
				CLANG_WARN_SUSPICIOUS_IMPLICIT_CONVERSION = YES;
				CLANG_WARN_SUSPICIOUS_MOVE = YES;
				CLANG_WARN_UNREACHABLE_CODE = YES;
				CLANG_WARN__DUPLICATE_METHOD_MATCH = YES;
				CLANG_WARN__EXIT_TIME_DESTRUCTORS = YES;
				CODE_SIGN_IDENTITY = "-";
				COPY_PHASE_STRIP = NO;
				DEBUG_INFORMATION_FORMAT = dwarf;
				ENABLE_STRICT_OBJC_MSGSEND = YES;
				ENABLE_TESTABILITY = YES;
				GCC_C_LANGUAGE_STANDARD = gnu99;
				GCC_DYNAMIC_NO_PIC = NO;
				GCC_NO_COMMON_BLOCKS = YES;
				GCC_OPTIMIZATION_LEVEL = 0;
				GCC_PREPROCESSOR_DEFINITIONS = (
					"DEBUG=1",
					"$(inherited)",
				);
				GCC_TREAT_IMPLICIT_FUNCTION_DECLARATIONS_AS_ERRORS = YES;
				GCC_TREAT_INCOMPATIBLE_POINTER_TYPE_WARNINGS_AS_ERRORS = YES;
				GCC_TREAT_WARNINGS_AS_ERRORS = NO;
				GCC_WARN_64_TO_32_BIT_CONVERSION = YES;
				GCC_WARN_ABOUT_MISSING_FIELD_INITIALIZERS = YES;
				GCC_WARN_ABOUT_MISSING_NEWLINE = YES;
				GCC_WARN_ABOUT_MISSING_PROTOTYPES = YES;
				GCC_WARN_ABOUT_RETURN_TYPE = YES_ERROR;
				GCC_WARN_FOUR_CHARACTER_CONSTANTS = YES;
				GCC_WARN_HIDDEN_VIRTUAL_FUNCTIONS = YES;
				GCC_WARN_INITIALIZER_NOT_FULLY_BRACKETED = YES;
				GCC_WARN_NON_VIRTUAL_DESTRUCTOR = YES;
				GCC_WARN_SHADOW = YES;
				GCC_WARN_SIGN_COMPARE = YES;
				GCC_WARN_UNDECLARED_SELECTOR = YES;
				GCC_WARN_UNINITIALIZED_AUTOS = YES_AGGRESSIVE;
				GCC_WARN_UNKNOWN_PRAGMAS = YES;
				GCC_WARN_UNUSED_FUNCTION = YES;
				GCC_WARN_UNUSED_LABEL = YES;
				GCC_WARN_UNUSED_PARAMETER = YES;
				GCC_WARN_UNUSED_VARIABLE = YES;
				MACOSX_DEPLOYMENT_TARGET = 10.12;
				MTL_ENABLE_DEBUG_INFO = YES;
				ONLY_ACTIVE_ARCH = YES;
				SDKROOT = macosx;
			};
			name = Debug;
		};
		D6C3F6B41E99AAB50020D65A /* Release */ = {
			isa = XCBuildConfiguration;
			buildSettings = {
				ALWAYS_SEARCH_USER_PATHS = NO;
				CLANG_ANALYZER_NONNULL = YES;
				CLANG_ANALYZER_NUMBER_OBJECT_CONVERSION = YES_AGGRESSIVE;
				CLANG_CXX_LANGUAGE_STANDARD = "gnu++14";
				CLANG_CXX_LIBRARY = "libc++";
				CLANG_ENABLE_MODULES = YES;
				CLANG_ENABLE_OBJC_ARC = YES;
				CLANG_WARN_ASSIGN_ENUM = YES;
				CLANG_WARN_BLOCK_CAPTURE_AUTORELEASING = YES;
				CLANG_WARN_BOOL_CONVERSION = YES;
				CLANG_WARN_COMMA = YES;
				CLANG_WARN_CONSTANT_CONVERSION = YES;
				CLANG_WARN_CXX0X_EXTENSIONS = YES;
				CLANG_WARN_DIRECT_OBJC_ISA_USAGE = YES_ERROR;
				CLANG_WARN_DOCUMENTATION_COMMENTS = YES;
				CLANG_WARN_EMPTY_BODY = YES;
				CLANG_WARN_ENUM_CONVERSION = YES;
				CLANG_WARN_IMPLICIT_SIGN_CONVERSION = YES;
				CLANG_WARN_INFINITE_RECURSION = YES;
				CLANG_WARN_INT_CONVERSION = YES;
				CLANG_WARN_OBJC_ROOT_CLASS = YES_ERROR;
				CLANG_WARN_RANGE_LOOP_ANALYSIS = YES;
				CLANG_WARN_STRICT_PROTOTYPES = YES;
				CLANG_WARN_SUSPICIOUS_IMPLICIT_CONVERSION = YES;
				CLANG_WARN_SUSPICIOUS_MOVE = YES;
				CLANG_WARN_UNREACHABLE_CODE = YES;
				CLANG_WARN__DUPLICATE_METHOD_MATCH = YES;
				CLANG_WARN__EXIT_TIME_DESTRUCTORS = YES;
				CODE_SIGN_IDENTITY = "-";
				COPY_PHASE_STRIP = NO;
				DEBUG_INFORMATION_FORMAT = "dwarf-with-dsym";
				ENABLE_NS_ASSERTIONS = NO;
				ENABLE_STRICT_OBJC_MSGSEND = YES;
				GCC_C_LANGUAGE_STANDARD = gnu99;
				GCC_NO_COMMON_BLOCKS = YES;
				GCC_TREAT_IMPLICIT_FUNCTION_DECLARATIONS_AS_ERRORS = YES;
				GCC_TREAT_INCOMPATIBLE_POINTER_TYPE_WARNINGS_AS_ERRORS = YES;
				GCC_TREAT_WARNINGS_AS_ERRORS = NO;
				GCC_WARN_64_TO_32_BIT_CONVERSION = YES;
				GCC_WARN_ABOUT_MISSING_FIELD_INITIALIZERS = YES;
				GCC_WARN_ABOUT_MISSING_NEWLINE = YES;
				GCC_WARN_ABOUT_MISSING_PROTOTYPES = YES;
				GCC_WARN_ABOUT_RETURN_TYPE = YES_ERROR;
				GCC_WARN_FOUR_CHARACTER_CONSTANTS = YES;
				GCC_WARN_HIDDEN_VIRTUAL_FUNCTIONS = YES;
				GCC_WARN_INITIALIZER_NOT_FULLY_BRACKETED = YES;
				GCC_WARN_NON_VIRTUAL_DESTRUCTOR = YES;
				GCC_WARN_SHADOW = YES;
				GCC_WARN_SIGN_COMPARE = YES;
				GCC_WARN_UNDECLARED_SELECTOR = YES;
				GCC_WARN_UNINITIALIZED_AUTOS = YES_AGGRESSIVE;
				GCC_WARN_UNKNOWN_PRAGMAS = YES;
				GCC_WARN_UNUSED_FUNCTION = YES;
				GCC_WARN_UNUSED_LABEL = YES;
				GCC_WARN_UNUSED_PARAMETER = YES;
				GCC_WARN_UNUSED_VARIABLE = YES;
				MACOSX_DEPLOYMENT_TARGET = 10.12;
				MTL_ENABLE_DEBUG_INFO = NO;
				SDKROOT = macosx;
			};
			name = Release;
		};
		D6C3F6B61E99AAB50020D65A /* Debug */ = {
			isa = XCBuildConfiguration;
			buildSettings = {
				CLANG_CXX_LANGUAGE_STANDARD = "gnu++14";
				CLANG_WARN_SUSPICIOUS_IMPLICIT_CONVERSION = YES;
				EXECUTABLE_PREFIX = lib;
				GCC_ENABLE_CPP_EXCEPTIONS = YES;
				GCC_ENABLE_CPP_RTTI = YES;
				GCC_WARN_ABOUT_MISSING_NEWLINE = YES;
				HEADER_SEARCH_PATHS = (
					../../ext/glfw/include,
					../../ext/nanovg/include,
					"../../ext/cpp-rhetoric/src",
				);
				PRODUCT_NAME = "$(TARGET_NAME)";
				USE_HEADERMAP = NO;
			};
			name = Debug;
		};
		D6C3F6B71E99AAB50020D65A /* Release */ = {
			isa = XCBuildConfiguration;
			buildSettings = {
				CLANG_CXX_LANGUAGE_STANDARD = "gnu++14";
				CLANG_WARN_SUSPICIOUS_IMPLICIT_CONVERSION = YES;
				EXECUTABLE_PREFIX = lib;
				GCC_ENABLE_CPP_EXCEPTIONS = YES;
				GCC_ENABLE_CPP_RTTI = YES;
				GCC_WARN_ABOUT_MISSING_NEWLINE = YES;
				HEADER_SEARCH_PATHS = (
					../../ext/glfw/include,
					../../ext/nanovg/include,
					"../../ext/cpp-rhetoric/src",
				);
				PRODUCT_NAME = "$(TARGET_NAME)";
				USE_HEADERMAP = NO;
			};
			name = Release;
		};
/* End XCBuildConfiguration section */

/* Begin XCConfigurationList section */
		D6C3F6A51E99AAB50020D65A /* Build configuration list for PBXProject "oliview" */ = {
			isa = XCConfigurationList;
			buildConfigurations = (
				D6C3F6B31E99AAB50020D65A /* Debug */,
				D6C3F6B41E99AAB50020D65A /* Release */,
			);
			defaultConfigurationIsVisible = 0;
			defaultConfigurationName = Release;
		};
		D6C3F6B51E99AAB50020D65A /* Build configuration list for PBXNativeTarget "oliview" */ = {
			isa = XCConfigurationList;
			buildConfigurations = (
				D6C3F6B61E99AAB50020D65A /* Debug */,
				D6C3F6B71E99AAB50020D65A /* Release */,
			);
			defaultConfigurationIsVisible = 0;
			defaultConfigurationName = Release;
		};
/* End XCConfigurationList section */
	};
	rootObject = D6C3F6A21E99AAB50020D65A /* Project object */;
}
